// !$*UTF8*$!
{
	archiveVersion = 1;
	classes = {
	};
	objectVersion = 46;
	objects = {

/* Begin PBXBuildFile section */
		CF134F781A716F1700956401 /* BaseViewController.m in Sources */ = {isa = PBXBuildFile; fileRef = CF134F771A716F1700956401 /* BaseViewController.m */; };
		CF134F7A1A7173AF00956401 /* Base.storyboard in Resources */ = {isa = PBXBuildFile; fileRef = CF134F791A7173AF00956401 /* Base.storyboard */; };
		CF2B01FC1A778B9400FA1F15 /* TitleLabel.m in Sources */ = {isa = PBXBuildFile; fileRef = CF2B01F81A778B9400FA1F15 /* TitleLabel.m */; };
		CF3A018A1A70CC440067D07D /* AppDelegate.m in Sources */ = {isa = PBXBuildFile; fileRef = CF3A01881A70CC440067D07D /* AppDelegate.m */; };
		CF3A018B1A70CC440067D07D /* main.m in Sources */ = {isa = PBXBuildFile; fileRef = CF3A01891A70CC440067D07D /* main.m */; };
		CF3A01B11A70CCA50067D07D /* MKAnnotationView+WebCache.m in Sources */ = {isa = PBXBuildFile; fileRef = CF3A01911A70CCA50067D07D /* MKAnnotationView+WebCache.m */; };
		CF3A01B21A70CCA50067D07D /* NSData+ImageContentType.m in Sources */ = {isa = PBXBuildFile; fileRef = CF3A01931A70CCA50067D07D /* NSData+ImageContentType.m */; };
		CF3A01B31A70CCA50067D07D /* SDImageCache.m in Sources */ = {isa = PBXBuildFile; fileRef = CF3A01951A70CCA50067D07D /* SDImageCache.m */; };
		CF3A01B41A70CCA50067D07D /* SDWebImageCompat.m in Sources */ = {isa = PBXBuildFile; fileRef = CF3A01971A70CCA50067D07D /* SDWebImageCompat.m */; };
		CF3A01B51A70CCA50067D07D /* SDWebImageDecoder.m in Sources */ = {isa = PBXBuildFile; fileRef = CF3A01991A70CCA50067D07D /* SDWebImageDecoder.m */; };
		CF3A01B61A70CCA50067D07D /* SDWebImageDownloader.m in Sources */ = {isa = PBXBuildFile; fileRef = CF3A019B1A70CCA50067D07D /* SDWebImageDownloader.m */; };
		CF3A01B71A70CCA50067D07D /* SDWebImageDownloaderOperation.m in Sources */ = {isa = PBXBuildFile; fileRef = CF3A019D1A70CCA50067D07D /* SDWebImageDownloaderOperation.m */; };
		CF3A01B81A70CCA50067D07D /* SDWebImageManager.m in Sources */ = {isa = PBXBuildFile; fileRef = CF3A019F1A70CCA50067D07D /* SDWebImageManager.m */; };
		CF3A01B91A70CCA50067D07D /* SDWebImagePrefetcher.m in Sources */ = {isa = PBXBuildFile; fileRef = CF3A01A21A70CCA50067D07D /* SDWebImagePrefetcher.m */; };
		CF3A01BA1A70CCA50067D07D /* UIButton+WebCache.m in Sources */ = {isa = PBXBuildFile; fileRef = CF3A01A41A70CCA50067D07D /* UIButton+WebCache.m */; };
		CF3A01BB1A70CCA50067D07D /* UIImage+GIF.m in Sources */ = {isa = PBXBuildFile; fileRef = CF3A01A61A70CCA50067D07D /* UIImage+GIF.m */; };
		CF3A01BC1A70CCA50067D07D /* UIImage+MultiFormat.m in Sources */ = {isa = PBXBuildFile; fileRef = CF3A01A81A70CCA50067D07D /* UIImage+MultiFormat.m */; };
		CF3A01BD1A70CCA50067D07D /* UIImage+WebP.m in Sources */ = {isa = PBXBuildFile; fileRef = CF3A01AA1A70CCA50067D07D /* UIImage+WebP.m */; };
		CF3A01BE1A70CCA50067D07D /* UIImageView+HighlightedWebCache.m in Sources */ = {isa = PBXBuildFile; fileRef = CF3A01AC1A70CCA50067D07D /* UIImageView+HighlightedWebCache.m */; };
		CF3A01BF1A70CCA50067D07D /* UIImageView+WebCache.m in Sources */ = {isa = PBXBuildFile; fileRef = CF3A01AE1A70CCA50067D07D /* UIImageView+WebCache.m */; };
		CF3A01C01A70CCA50067D07D /* UIView+WebCacheOperation.m in Sources */ = {isa = PBXBuildFile; fileRef = CF3A01B01A70CCA50067D07D /* UIView+WebCacheOperation.m */; };
		CF3A01C21A70D0F20067D07D /* Single.storyboard in Resources */ = {isa = PBXBuildFile; fileRef = CF3A01C11A70D0F20067D07D /* Single.storyboard */; };
		CF3A01C51A70D1100067D07D /* SingleModel.m in Sources */ = {isa = PBXBuildFile; fileRef = CF3A01C41A70D1100067D07D /* SingleModel.m */; };
		CF3A01C81A70D11C0067D07D /* SingleNewsCell.m in Sources */ = {isa = PBXBuildFile; fileRef = CF3A01C71A70D11C0067D07D /* SingleNewsCell.m */; };
		CF3A01CB1A70D1430067D07D /* SingleNewsTableViewController.m in Sources */ = {isa = PBXBuildFile; fileRef = CF3A01CA1A70D1430067D07D /* SingleNewsTableViewController.m */; };
		CF3A01EF1A70EFA80067D07D /* AFHTTPRequestOperation.m in Sources */ = {isa = PBXBuildFile; fileRef = CF3A01DD1A70EFA80067D07D /* AFHTTPRequestOperation.m */; };
		CF3A01F01A70EFA80067D07D /* AFHTTPRequestOperationManager.m in Sources */ = {isa = PBXBuildFile; fileRef = CF3A01DF1A70EFA80067D07D /* AFHTTPRequestOperationManager.m */; };
		CF3A01F11A70EFA80067D07D /* AFHTTPSessionManager.m in Sources */ = {isa = PBXBuildFile; fileRef = CF3A01E11A70EFA80067D07D /* AFHTTPSessionManager.m */; };
		CF3A01F21A70EFA80067D07D /* AFNetworkReachabilityManager.m in Sources */ = {isa = PBXBuildFile; fileRef = CF3A01E41A70EFA80067D07D /* AFNetworkReachabilityManager.m */; };
		CF3A01F31A70EFA80067D07D /* AFSecurityPolicy.m in Sources */ = {isa = PBXBuildFile; fileRef = CF3A01E61A70EFA80067D07D /* AFSecurityPolicy.m */; };
		CF3A01F41A70EFA80067D07D /* AFURLConnectionOperation.m in Sources */ = {isa = PBXBuildFile; fileRef = CF3A01E81A70EFA80067D07D /* AFURLConnectionOperation.m */; };
		CF3A01F51A70EFA80067D07D /* AFURLRequestSerialization.m in Sources */ = {isa = PBXBuildFile; fileRef = CF3A01EA1A70EFA80067D07D /* AFURLRequestSerialization.m */; };
		CF3A01F61A70EFA80067D07D /* AFURLResponseSerialization.m in Sources */ = {isa = PBXBuildFile; fileRef = CF3A01EC1A70EFA80067D07D /* AFURLResponseSerialization.m */; };
		CF3A01F71A70EFA80067D07D /* AFURLSessionManager.m in Sources */ = {isa = PBXBuildFile; fileRef = CF3A01EE1A70EFA80067D07D /* AFURLSessionManager.m */; };
		CF3A02041A70F15F0067D07D /* NetworkTest.storyboard in Resources */ = {isa = PBXBuildFile; fileRef = CF3A02011A70F15F0067D07D /* NetworkTest.storyboard */; };
		CF3A02051A70F15F0067D07D /* ViewController.m in Sources */ = {isa = PBXBuildFile; fileRef = CF3A02031A70F15F0067D07D /* ViewController.m */; };
		CF3A02081A7138000067D07D /* NSString+StringExt.m in Sources */ = {isa = PBXBuildFile; fileRef = CF3A02071A7138000067D07D /* NSString+StringExt.m */; };
		CF80A91D1A75CB3200155A5C /* MJConst.m in Sources */ = {isa = PBXBuildFile; fileRef = CF80A90F1A75CB3200155A5C /* MJConst.m */; };
		CF80A91E1A75CB3200155A5C /* MJFoundation.m in Sources */ = {isa = PBXBuildFile; fileRef = CF80A9121A75CB3200155A5C /* MJFoundation.m */; };
		CF80A91F1A75CB3200155A5C /* MJIvar.m in Sources */ = {isa = PBXBuildFile; fileRef = CF80A9141A75CB3200155A5C /* MJIvar.m */; };
		CF80A9201A75CB3200155A5C /* MJType.m in Sources */ = {isa = PBXBuildFile; fileRef = CF80A9161A75CB3200155A5C /* MJType.m */; };
		CF80A9211A75CB3200155A5C /* NSObject+MJCoding.m in Sources */ = {isa = PBXBuildFile; fileRef = CF80A9181A75CB3200155A5C /* NSObject+MJCoding.m */; };
		CF80A9221A75CB3200155A5C /* NSObject+MJIvar.m in Sources */ = {isa = PBXBuildFile; fileRef = CF80A91A1A75CB3200155A5C /* NSObject+MJIvar.m */; };
		CF80A9231A75CB3200155A5C /* NSObject+MJKeyValue.m in Sources */ = {isa = PBXBuildFile; fileRef = CF80A91C1A75CB3200155A5C /* NSObject+MJKeyValue.m */; };
		CF8F1EA21A7DD2A600A4446B /* WSYTransitioning.m in Sources */ = {isa = PBXBuildFile; fileRef = CF8F1EA11A7DD2A600A4446B /* WSYTransitioning.m */; };
		CF8F1EB61A7E00E500A4446B /* NSArray_DeepMutableCopy.m in Sources */ = {isa = PBXBuildFile; fileRef = CF8F1EA71A7E00E500A4446B /* NSArray_DeepMutableCopy.m */; };
		CF8F1EB71A7E00E500A4446B /* NSDictionary_DeepMutableCopy.m in Sources */ = {isa = PBXBuildFile; fileRef = CF8F1EA91A7E00E500A4446B /* NSDictionary_DeepMutableCopy.m */; };
		CF8F1EB81A7E00E500A4446B /* ICUTemplateMatcher.m in Sources */ = {isa = PBXBuildFile; fileRef = CF8F1EAD1A7E00E500A4446B /* ICUTemplateMatcher.m */; };
		CF8F1EB91A7E00E500A4446B /* MGTemplateEngine.m in Sources */ = {isa = PBXBuildFile; fileRef = CF8F1EAF1A7E00E500A4446B /* MGTemplateEngine.m */; };
		CF8F1EBA1A7E00E500A4446B /* MGTemplateStandardFilters.m in Sources */ = {isa = PBXBuildFile; fileRef = CF8F1EB31A7E00E500A4446B /* MGTemplateStandardFilters.m */; };
		CF8F1EBB1A7E00E500A4446B /* MGTemplateStandardMarkers.m in Sources */ = {isa = PBXBuildFile; fileRef = CF8F1EB51A7E00E500A4446B /* MGTemplateStandardMarkers.m */; };
		CF8F1EBD1A7E02E500A4446B /* content.js in Resources */ = {isa = PBXBuildFile; fileRef = CF8F1EBC1A7E02E500A4446B /* content.js */; };
		CF8F1EBF1A7E073800A4446B /* content_template.html in Resources */ = {isa = PBXBuildFile; fileRef = CF8F1EBE1A7E073800A4446B /* content_template.html */; };
		CF8F1EC51A7E1E3900A4446B /* content.css in Resources */ = {isa = PBXBuildFile; fileRef = CF8F1EC41A7E1E3900A4446B /* content.css */; };
		CF8F1EC71A7E2EC200A4446B /* topic_news.json in Resources */ = {isa = PBXBuildFile; fileRef = CF8F1EC61A7E2EC200A4446B /* topic_news.json */; };
		CF8F1ECD1A7E541300A4446B /* PhotosetModel.m in Sources */ = {isa = PBXBuildFile; fileRef = CF8F1ECC1A7E541300A4446B /* PhotosetModel.m */; };
		CF8F1ED01A7E551900A4446B /* PhotosetPhotosModel.m in Sources */ = {isa = PBXBuildFile; fileRef = CF8F1ECF1A7E551900A4446B /* PhotosetPhotosModel.m */; };
		CF8F1ED21A7E67AE00A4446B /* Photoset.storyboard in Resources */ = {isa = PBXBuildFile; fileRef = CF8F1ED11A7E67AE00A4446B /* Photoset.storyboard */; };
		CF8F1EDD1A7E691300A4446B /* DetailImageModel.m in Sources */ = {isa = PBXBuildFile; fileRef = CF8F1ED51A7E691300A4446B /* DetailImageModel.m */; };
		CF8F1EDE1A7E691300A4446B /* DetailModel.m in Sources */ = {isa = PBXBuildFile; fileRef = CF8F1ED71A7E691300A4446B /* DetailModel.m */; };
		CF8F1EE01A7E691300A4446B /* DetailView.storyboard in Resources */ = {isa = PBXBuildFile; fileRef = CF8F1EDA1A7E691300A4446B /* DetailView.storyboard */; };
		CF8F1EE11A7E691300A4446B /* DetailViewController.m in Sources */ = {isa = PBXBuildFile; fileRef = CF8F1EDC1A7E691300A4446B /* DetailViewController.m */; };
		CF96CB791A7FB568007A4B7C /* DetailNavigationController.m in Sources */ = {isa = PBXBuildFile; fileRef = CF96CB781A7FB568007A4B7C /* DetailNavigationController.m */; };
		CFB160C31A7741BC00B9C6EA /* StatusBarHUD.bundle in Resources */ = {isa = PBXBuildFile; fileRef = CFB160C01A7741BC00B9C6EA /* StatusBarHUD.bundle */; };
		CFB160C41A7741BC00B9C6EA /* StatusBarHUD.m in Sources */ = {isa = PBXBuildFile; fileRef = CFB160C21A7741BC00B9C6EA /* StatusBarHUD.m */; };
		CFB6282D1A7F244300AE7A75 /* DetailVideoModel.m in Sources */ = {isa = PBXBuildFile; fileRef = CFB6282C1A7F244300AE7A75 /* DetailVideoModel.m */; };
		CFBA05EC1A7E6A48005CAAE5 /* PhotosetViewController.m in Sources */ = {isa = PBXBuildFile; fileRef = CFBA05EB1A7E6A48005CAAE5 /* PhotosetViewController.m */; };
		CFBA06221A7E9D40005CAAE5 /* UIImage+Scale.m in Sources */ = {isa = PBXBuildFile; fileRef = CFBA06211A7E9D40005CAAE5 /* UIImage+Scale.m */; };
		CFC829D31A6F92BA003DC056 /* Images.xcassets in Resources */ = {isa = PBXBuildFile; fileRef = CFC829D21A6F92BA003DC056 /* Images.xcassets */; };
		CFC829E21A6F92BA003DC056 /* NetEaseNewsTests.m in Sources */ = {isa = PBXBuildFile; fileRef = CFC829E11A6F92BA003DC056 /* NetEaseNewsTests.m */; };
		CFC82A0C1A6F9308003DC056 /* WSYNetworkTools.m in Sources */ = {isa = PBXBuildFile; fileRef = CFC82A0B1A6F9308003DC056 /* WSYNetworkTools.m */; };
		CFD816EF1A7A9E8C00E07F16 /* UIView+Extension.m in Sources */ = {isa = PBXBuildFile; fileRef = CFD816EE1A7A9E8C00E07F16 /* UIView+Extension.m */; };
		CFE0EE891A765408009E4A59 /* NSObject+Extension.m in Sources */ = {isa = PBXBuildFile; fileRef = CFE0EE881A765408009E4A59 /* NSObject+Extension.m */; };
		CFF420391A7BD5FA00F09E3A /* MJRefresh.bundle in Resources */ = {isa = PBXBuildFile; fileRef = CFF420291A7BD5FA00F09E3A /* MJRefresh.bundle */; };
		CFF4203A1A7BD5FA00F09E3A /* MJRefreshBaseView.m in Sources */ = {isa = PBXBuildFile; fileRef = CFF4202C1A7BD5FA00F09E3A /* MJRefreshBaseView.m */; };
		CFF4203B1A7BD5FA00F09E3A /* MJRefreshConst.m in Sources */ = {isa = PBXBuildFile; fileRef = CFF4202E1A7BD5FA00F09E3A /* MJRefreshConst.m */; };
		CFF4203C1A7BD5FA00F09E3A /* MJRefreshFooterView.m in Sources */ = {isa = PBXBuildFile; fileRef = CFF420301A7BD5FA00F09E3A /* MJRefreshFooterView.m */; };
		CFF4203D1A7BD5FA00F09E3A /* MJRefreshHeaderView.m in Sources */ = {isa = PBXBuildFile; fileRef = CFF420321A7BD5FA00F09E3A /* MJRefreshHeaderView.m */; };
		CFF4203E1A7BD5FA00F09E3A /* UIScrollView+MJExtension.m in Sources */ = {isa = PBXBuildFile; fileRef = CFF420341A7BD5FA00F09E3A /* UIScrollView+MJExtension.m */; };
		CFF4203F1A7BD5FA00F09E3A /* UIScrollView+MJRefresh.m in Sources */ = {isa = PBXBuildFile; fileRef = CFF420361A7BD5FA00F09E3A /* UIScrollView+MJRefresh.m */; };
		CFF420401A7BD5FA00F09E3A /* UIView+MJExtension.m in Sources */ = {isa = PBXBuildFile; fileRef = CFF420381A7BD5FA00F09E3A /* UIView+MJExtension.m */; };
		CFF67B3D1A72B7BB0000D151 /* ChannelModel.m in Sources */ = {isa = PBXBuildFile; fileRef = CFF67B3C1A72B7BB0000D151 /* ChannelModel.m */; };
		CFFA8BE11A73A20C005A5E28 /* SingleNewsHeaderCell.m in Sources */ = {isa = PBXBuildFile; fileRef = CFFA8BE01A73A20C005A5E28 /* SingleNewsHeaderCell.m */; };
/* End PBXBuildFile section */

/* Begin PBXContainerItemProxy section */
		CFC829DC1A6F92BA003DC056 /* PBXContainerItemProxy */ = {
			isa = PBXContainerItemProxy;
			containerPortal = CFC829BA1A6F92BA003DC056 /* Project object */;
			proxyType = 1;
			remoteGlobalIDString = CFC829C11A6F92BA003DC056;
			remoteInfo = NetEaseNews;
		};
/* End PBXContainerItemProxy section */

/* Begin PBXFileReference section */
		CF134F761A716F1700956401 /* BaseViewController.h */ = {isa = PBXFileReference; fileEncoding = 4; lastKnownFileType = sourcecode.c.h; path = BaseViewController.h; sourceTree = "<group>"; };
		CF134F771A716F1700956401 /* BaseViewController.m */ = {isa = PBXFileReference; fileEncoding = 4; lastKnownFileType = sourcecode.c.objc; path = BaseViewController.m; sourceTree = "<group>"; };
		CF134F791A7173AF00956401 /* Base.storyboard */ = {isa = PBXFileReference; fileEncoding = 4; lastKnownFileType = file.storyboard; path = Base.storyboard; sourceTree = "<group>"; };
		CF2B01F71A778B9400FA1F15 /* TitleLabel.h */ = {isa = PBXFileReference; fileEncoding = 4; lastKnownFileType = sourcecode.c.h; path = TitleLabel.h; sourceTree = "<group>"; };
		CF2B01F81A778B9400FA1F15 /* TitleLabel.m */ = {isa = PBXFileReference; fileEncoding = 4; lastKnownFileType = sourcecode.c.objc; path = TitleLabel.m; sourceTree = "<group>"; };
		CF3A01871A70CC440067D07D /* AppDelegate.h */ = {isa = PBXFileReference; fileEncoding = 4; lastKnownFileType = sourcecode.c.h; path = AppDelegate.h; sourceTree = "<group>"; };
		CF3A01881A70CC440067D07D /* AppDelegate.m */ = {isa = PBXFileReference; fileEncoding = 4; lastKnownFileType = sourcecode.c.objc; path = AppDelegate.m; sourceTree = "<group>"; };
		CF3A01891A70CC440067D07D /* main.m */ = {isa = PBXFileReference; fileEncoding = 4; lastKnownFileType = sourcecode.c.objc; path = main.m; sourceTree = "<group>"; };
		CF3A01901A70CCA50067D07D /* MKAnnotationView+WebCache.h */ = {isa = PBXFileReference; fileEncoding = 4; lastKnownFileType = sourcecode.c.h; path = "MKAnnotationView+WebCache.h"; sourceTree = "<group>"; };
		CF3A01911A70CCA50067D07D /* MKAnnotationView+WebCache.m */ = {isa = PBXFileReference; fileEncoding = 4; lastKnownFileType = sourcecode.c.objc; path = "MKAnnotationView+WebCache.m"; sourceTree = "<group>"; };
		CF3A01921A70CCA50067D07D /* NSData+ImageContentType.h */ = {isa = PBXFileReference; fileEncoding = 4; lastKnownFileType = sourcecode.c.h; path = "NSData+ImageContentType.h"; sourceTree = "<group>"; };
		CF3A01931A70CCA50067D07D /* NSData+ImageContentType.m */ = {isa = PBXFileReference; fileEncoding = 4; lastKnownFileType = sourcecode.c.objc; path = "NSData+ImageContentType.m"; sourceTree = "<group>"; };
		CF3A01941A70CCA50067D07D /* SDImageCache.h */ = {isa = PBXFileReference; fileEncoding = 4; lastKnownFileType = sourcecode.c.h; path = SDImageCache.h; sourceTree = "<group>"; };
		CF3A01951A70CCA50067D07D /* SDImageCache.m */ = {isa = PBXFileReference; fileEncoding = 4; lastKnownFileType = sourcecode.c.objc; path = SDImageCache.m; sourceTree = "<group>"; };
		CF3A01961A70CCA50067D07D /* SDWebImageCompat.h */ = {isa = PBXFileReference; fileEncoding = 4; lastKnownFileType = sourcecode.c.h; path = SDWebImageCompat.h; sourceTree = "<group>"; };
		CF3A01971A70CCA50067D07D /* SDWebImageCompat.m */ = {isa = PBXFileReference; fileEncoding = 4; lastKnownFileType = sourcecode.c.objc; path = SDWebImageCompat.m; sourceTree = "<group>"; };
		CF3A01981A70CCA50067D07D /* SDWebImageDecoder.h */ = {isa = PBXFileReference; fileEncoding = 4; lastKnownFileType = sourcecode.c.h; path = SDWebImageDecoder.h; sourceTree = "<group>"; };
		CF3A01991A70CCA50067D07D /* SDWebImageDecoder.m */ = {isa = PBXFileReference; fileEncoding = 4; lastKnownFileType = sourcecode.c.objc; path = SDWebImageDecoder.m; sourceTree = "<group>"; };
		CF3A019A1A70CCA50067D07D /* SDWebImageDownloader.h */ = {isa = PBXFileReference; fileEncoding = 4; lastKnownFileType = sourcecode.c.h; path = SDWebImageDownloader.h; sourceTree = "<group>"; };
		CF3A019B1A70CCA50067D07D /* SDWebImageDownloader.m */ = {isa = PBXFileReference; fileEncoding = 4; lastKnownFileType = sourcecode.c.objc; path = SDWebImageDownloader.m; sourceTree = "<group>"; };
		CF3A019C1A70CCA50067D07D /* SDWebImageDownloaderOperation.h */ = {isa = PBXFileReference; fileEncoding = 4; lastKnownFileType = sourcecode.c.h; path = SDWebImageDownloaderOperation.h; sourceTree = "<group>"; };
		CF3A019D1A70CCA50067D07D /* SDWebImageDownloaderOperation.m */ = {isa = PBXFileReference; fileEncoding = 4; lastKnownFileType = sourcecode.c.objc; path = SDWebImageDownloaderOperation.m; sourceTree = "<group>"; };
		CF3A019E1A70CCA50067D07D /* SDWebImageManager.h */ = {isa = PBXFileReference; fileEncoding = 4; lastKnownFileType = sourcecode.c.h; path = SDWebImageManager.h; sourceTree = "<group>"; };
		CF3A019F1A70CCA50067D07D /* SDWebImageManager.m */ = {isa = PBXFileReference; fileEncoding = 4; lastKnownFileType = sourcecode.c.objc; path = SDWebImageManager.m; sourceTree = "<group>"; };
		CF3A01A01A70CCA50067D07D /* SDWebImageOperation.h */ = {isa = PBXFileReference; fileEncoding = 4; lastKnownFileType = sourcecode.c.h; path = SDWebImageOperation.h; sourceTree = "<group>"; };
		CF3A01A11A70CCA50067D07D /* SDWebImagePrefetcher.h */ = {isa = PBXFileReference; fileEncoding = 4; lastKnownFileType = sourcecode.c.h; path = SDWebImagePrefetcher.h; sourceTree = "<group>"; };
		CF3A01A21A70CCA50067D07D /* SDWebImagePrefetcher.m */ = {isa = PBXFileReference; fileEncoding = 4; lastKnownFileType = sourcecode.c.objc; path = SDWebImagePrefetcher.m; sourceTree = "<group>"; };
		CF3A01A31A70CCA50067D07D /* UIButton+WebCache.h */ = {isa = PBXFileReference; fileEncoding = 4; lastKnownFileType = sourcecode.c.h; path = "UIButton+WebCache.h"; sourceTree = "<group>"; };
		CF3A01A41A70CCA50067D07D /* UIButton+WebCache.m */ = {isa = PBXFileReference; fileEncoding = 4; lastKnownFileType = sourcecode.c.objc; path = "UIButton+WebCache.m"; sourceTree = "<group>"; };
		CF3A01A51A70CCA50067D07D /* UIImage+GIF.h */ = {isa = PBXFileReference; fileEncoding = 4; lastKnownFileType = sourcecode.c.h; path = "UIImage+GIF.h"; sourceTree = "<group>"; };
		CF3A01A61A70CCA50067D07D /* UIImage+GIF.m */ = {isa = PBXFileReference; fileEncoding = 4; lastKnownFileType = sourcecode.c.objc; path = "UIImage+GIF.m"; sourceTree = "<group>"; };
		CF3A01A71A70CCA50067D07D /* UIImage+MultiFormat.h */ = {isa = PBXFileReference; fileEncoding = 4; lastKnownFileType = sourcecode.c.h; path = "UIImage+MultiFormat.h"; sourceTree = "<group>"; };
		CF3A01A81A70CCA50067D07D /* UIImage+MultiFormat.m */ = {isa = PBXFileReference; fileEncoding = 4; lastKnownFileType = sourcecode.c.objc; path = "UIImage+MultiFormat.m"; sourceTree = "<group>"; };
		CF3A01A91A70CCA50067D07D /* UIImage+WebP.h */ = {isa = PBXFileReference; fileEncoding = 4; lastKnownFileType = sourcecode.c.h; path = "UIImage+WebP.h"; sourceTree = "<group>"; };
		CF3A01AA1A70CCA50067D07D /* UIImage+WebP.m */ = {isa = PBXFileReference; fileEncoding = 4; lastKnownFileType = sourcecode.c.objc; path = "UIImage+WebP.m"; sourceTree = "<group>"; };
		CF3A01AB1A70CCA50067D07D /* UIImageView+HighlightedWebCache.h */ = {isa = PBXFileReference; fileEncoding = 4; lastKnownFileType = sourcecode.c.h; path = "UIImageView+HighlightedWebCache.h"; sourceTree = "<group>"; };
		CF3A01AC1A70CCA50067D07D /* UIImageView+HighlightedWebCache.m */ = {isa = PBXFileReference; fileEncoding = 4; lastKnownFileType = sourcecode.c.objc; path = "UIImageView+HighlightedWebCache.m"; sourceTree = "<group>"; };
		CF3A01AD1A70CCA50067D07D /* UIImageView+WebCache.h */ = {isa = PBXFileReference; fileEncoding = 4; lastKnownFileType = sourcecode.c.h; path = "UIImageView+WebCache.h"; sourceTree = "<group>"; };
		CF3A01AE1A70CCA50067D07D /* UIImageView+WebCache.m */ = {isa = PBXFileReference; fileEncoding = 4; lastKnownFileType = sourcecode.c.objc; path = "UIImageView+WebCache.m"; sourceTree = "<group>"; };
		CF3A01AF1A70CCA50067D07D /* UIView+WebCacheOperation.h */ = {isa = PBXFileReference; fileEncoding = 4; lastKnownFileType = sourcecode.c.h; path = "UIView+WebCacheOperation.h"; sourceTree = "<group>"; };
		CF3A01B01A70CCA50067D07D /* UIView+WebCacheOperation.m */ = {isa = PBXFileReference; fileEncoding = 4; lastKnownFileType = sourcecode.c.objc; path = "UIView+WebCacheOperation.m"; sourceTree = "<group>"; };
		CF3A01C11A70D0F20067D07D /* Single.storyboard */ = {isa = PBXFileReference; fileEncoding = 4; lastKnownFileType = file.storyboard; path = Single.storyboard; sourceTree = "<group>"; };
		CF3A01C31A70D1100067D07D /* SingleModel.h */ = {isa = PBXFileReference; fileEncoding = 4; lastKnownFileType = sourcecode.c.h; name = SingleModel.h; path = ../Single/SingleModel.h; sourceTree = "<group>"; };
		CF3A01C41A70D1100067D07D /* SingleModel.m */ = {isa = PBXFileReference; fileEncoding = 4; lastKnownFileType = sourcecode.c.objc; name = SingleModel.m; path = ../Single/SingleModel.m; sourceTree = "<group>"; };
		CF3A01C61A70D11C0067D07D /* SingleNewsCell.h */ = {isa = PBXFileReference; fileEncoding = 4; lastKnownFileType = sourcecode.c.h; path = SingleNewsCell.h; sourceTree = "<group>"; };
		CF3A01C71A70D11C0067D07D /* SingleNewsCell.m */ = {isa = PBXFileReference; fileEncoding = 4; lastKnownFileType = sourcecode.c.objc; path = SingleNewsCell.m; sourceTree = "<group>"; };
		CF3A01C91A70D1430067D07D /* SingleNewsTableViewController.h */ = {isa = PBXFileReference; fileEncoding = 4; lastKnownFileType = sourcecode.c.h; path = SingleNewsTableViewController.h; sourceTree = "<group>"; };
		CF3A01CA1A70D1430067D07D /* SingleNewsTableViewController.m */ = {isa = PBXFileReference; fileEncoding = 4; lastKnownFileType = sourcecode.c.objc; path = SingleNewsTableViewController.m; sourceTree = "<group>"; };
		CF3A01DC1A70EFA80067D07D /* AFHTTPRequestOperation.h */ = {isa = PBXFileReference; fileEncoding = 4; lastKnownFileType = sourcecode.c.h; path = AFHTTPRequestOperation.h; sourceTree = "<group>"; };
		CF3A01DD1A70EFA80067D07D /* AFHTTPRequestOperation.m */ = {isa = PBXFileReference; fileEncoding = 4; lastKnownFileType = sourcecode.c.objc; path = AFHTTPRequestOperation.m; sourceTree = "<group>"; };
		CF3A01DE1A70EFA80067D07D /* AFHTTPRequestOperationManager.h */ = {isa = PBXFileReference; fileEncoding = 4; lastKnownFileType = sourcecode.c.h; path = AFHTTPRequestOperationManager.h; sourceTree = "<group>"; };
		CF3A01DF1A70EFA80067D07D /* AFHTTPRequestOperationManager.m */ = {isa = PBXFileReference; fileEncoding = 4; lastKnownFileType = sourcecode.c.objc; path = AFHTTPRequestOperationManager.m; sourceTree = "<group>"; };
		CF3A01E01A70EFA80067D07D /* AFHTTPSessionManager.h */ = {isa = PBXFileReference; fileEncoding = 4; lastKnownFileType = sourcecode.c.h; path = AFHTTPSessionManager.h; sourceTree = "<group>"; };
		CF3A01E11A70EFA80067D07D /* AFHTTPSessionManager.m */ = {isa = PBXFileReference; fileEncoding = 4; lastKnownFileType = sourcecode.c.objc; path = AFHTTPSessionManager.m; sourceTree = "<group>"; };
		CF3A01E21A70EFA80067D07D /* AFNetworking.h */ = {isa = PBXFileReference; fileEncoding = 4; lastKnownFileType = sourcecode.c.h; path = AFNetworking.h; sourceTree = "<group>"; };
		CF3A01E31A70EFA80067D07D /* AFNetworkReachabilityManager.h */ = {isa = PBXFileReference; fileEncoding = 4; lastKnownFileType = sourcecode.c.h; path = AFNetworkReachabilityManager.h; sourceTree = "<group>"; };
		CF3A01E41A70EFA80067D07D /* AFNetworkReachabilityManager.m */ = {isa = PBXFileReference; fileEncoding = 4; lastKnownFileType = sourcecode.c.objc; path = AFNetworkReachabilityManager.m; sourceTree = "<group>"; };
		CF3A01E51A70EFA80067D07D /* AFSecurityPolicy.h */ = {isa = PBXFileReference; fileEncoding = 4; lastKnownFileType = sourcecode.c.h; path = AFSecurityPolicy.h; sourceTree = "<group>"; };
		CF3A01E61A70EFA80067D07D /* AFSecurityPolicy.m */ = {isa = PBXFileReference; fileEncoding = 4; lastKnownFileType = sourcecode.c.objc; path = AFSecurityPolicy.m; sourceTree = "<group>"; };
		CF3A01E71A70EFA80067D07D /* AFURLConnectionOperation.h */ = {isa = PBXFileReference; fileEncoding = 4; lastKnownFileType = sourcecode.c.h; path = AFURLConnectionOperation.h; sourceTree = "<group>"; };
		CF3A01E81A70EFA80067D07D /* AFURLConnectionOperation.m */ = {isa = PBXFileReference; fileEncoding = 4; lastKnownFileType = sourcecode.c.objc; path = AFURLConnectionOperation.m; sourceTree = "<group>"; };
		CF3A01E91A70EFA80067D07D /* AFURLRequestSerialization.h */ = {isa = PBXFileReference; fileEncoding = 4; lastKnownFileType = sourcecode.c.h; path = AFURLRequestSerialization.h; sourceTree = "<group>"; };
		CF3A01EA1A70EFA80067D07D /* AFURLRequestSerialization.m */ = {isa = PBXFileReference; fileEncoding = 4; lastKnownFileType = sourcecode.c.objc; path = AFURLRequestSerialization.m; sourceTree = "<group>"; };
		CF3A01EB1A70EFA80067D07D /* AFURLResponseSerialization.h */ = {isa = PBXFileReference; fileEncoding = 4; lastKnownFileType = sourcecode.c.h; path = AFURLResponseSerialization.h; sourceTree = "<group>"; };
		CF3A01EC1A70EFA80067D07D /* AFURLResponseSerialization.m */ = {isa = PBXFileReference; fileEncoding = 4; lastKnownFileType = sourcecode.c.objc; path = AFURLResponseSerialization.m; sourceTree = "<group>"; };
		CF3A01ED1A70EFA80067D07D /* AFURLSessionManager.h */ = {isa = PBXFileReference; fileEncoding = 4; lastKnownFileType = sourcecode.c.h; path = AFURLSessionManager.h; sourceTree = "<group>"; };
		CF3A01EE1A70EFA80067D07D /* AFURLSessionManager.m */ = {isa = PBXFileReference; fileEncoding = 4; lastKnownFileType = sourcecode.c.objc; path = AFURLSessionManager.m; sourceTree = "<group>"; };
		CF3A02011A70F15F0067D07D /* NetworkTest.storyboard */ = {isa = PBXFileReference; fileEncoding = 4; lastKnownFileType = file.storyboard; path = NetworkTest.storyboard; sourceTree = "<group>"; };
		CF3A02021A70F15F0067D07D /* ViewController.h */ = {isa = PBXFileReference; fileEncoding = 4; lastKnownFileType = sourcecode.c.h; path = ViewController.h; sourceTree = "<group>"; };
		CF3A02031A70F15F0067D07D /* ViewController.m */ = {isa = PBXFileReference; fileEncoding = 4; lastKnownFileType = sourcecode.c.objc; path = ViewController.m; sourceTree = "<group>"; };
		CF3A02061A7138000067D07D /* NSString+StringExt.h */ = {isa = PBXFileReference; fileEncoding = 4; lastKnownFileType = sourcecode.c.h; path = "NSString+StringExt.h"; sourceTree = "<group>"; };
		CF3A02071A7138000067D07D /* NSString+StringExt.m */ = {isa = PBXFileReference; fileEncoding = 4; lastKnownFileType = sourcecode.c.objc; path = "NSString+StringExt.m"; sourceTree = "<group>"; };
		CF80A90E1A75CB3200155A5C /* MJConst.h */ = {isa = PBXFileReference; fileEncoding = 4; lastKnownFileType = sourcecode.c.h; path = MJConst.h; sourceTree = "<group>"; };
		CF80A90F1A75CB3200155A5C /* MJConst.m */ = {isa = PBXFileReference; fileEncoding = 4; lastKnownFileType = sourcecode.c.objc; path = MJConst.m; sourceTree = "<group>"; };
		CF80A9101A75CB3200155A5C /* MJExtension.h */ = {isa = PBXFileReference; fileEncoding = 4; lastKnownFileType = sourcecode.c.h; path = MJExtension.h; sourceTree = "<group>"; };
		CF80A9111A75CB3200155A5C /* MJFoundation.h */ = {isa = PBXFileReference; fileEncoding = 4; lastKnownFileType = sourcecode.c.h; path = MJFoundation.h; sourceTree = "<group>"; };
		CF80A9121A75CB3200155A5C /* MJFoundation.m */ = {isa = PBXFileReference; fileEncoding = 4; lastKnownFileType = sourcecode.c.objc; path = MJFoundation.m; sourceTree = "<group>"; };
		CF80A9131A75CB3200155A5C /* MJIvar.h */ = {isa = PBXFileReference; fileEncoding = 4; lastKnownFileType = sourcecode.c.h; path = MJIvar.h; sourceTree = "<group>"; };
		CF80A9141A75CB3200155A5C /* MJIvar.m */ = {isa = PBXFileReference; fileEncoding = 4; lastKnownFileType = sourcecode.c.objc; path = MJIvar.m; sourceTree = "<group>"; };
		CF80A9151A75CB3200155A5C /* MJType.h */ = {isa = PBXFileReference; fileEncoding = 4; lastKnownFileType = sourcecode.c.h; path = MJType.h; sourceTree = "<group>"; };
		CF80A9161A75CB3200155A5C /* MJType.m */ = {isa = PBXFileReference; fileEncoding = 4; lastKnownFileType = sourcecode.c.objc; path = MJType.m; sourceTree = "<group>"; };
		CF80A9171A75CB3200155A5C /* NSObject+MJCoding.h */ = {isa = PBXFileReference; fileEncoding = 4; lastKnownFileType = sourcecode.c.h; path = "NSObject+MJCoding.h"; sourceTree = "<group>"; };
		CF80A9181A75CB3200155A5C /* NSObject+MJCoding.m */ = {isa = PBXFileReference; fileEncoding = 4; lastKnownFileType = sourcecode.c.objc; path = "NSObject+MJCoding.m"; sourceTree = "<group>"; };
		CF80A9191A75CB3200155A5C /* NSObject+MJIvar.h */ = {isa = PBXFileReference; fileEncoding = 4; lastKnownFileType = sourcecode.c.h; path = "NSObject+MJIvar.h"; sourceTree = "<group>"; };
		CF80A91A1A75CB3200155A5C /* NSObject+MJIvar.m */ = {isa = PBXFileReference; fileEncoding = 4; lastKnownFileType = sourcecode.c.objc; path = "NSObject+MJIvar.m"; sourceTree = "<group>"; };
		CF80A91B1A75CB3200155A5C /* NSObject+MJKeyValue.h */ = {isa = PBXFileReference; fileEncoding = 4; lastKnownFileType = sourcecode.c.h; path = "NSObject+MJKeyValue.h"; sourceTree = "<group>"; };
		CF80A91C1A75CB3200155A5C /* NSObject+MJKeyValue.m */ = {isa = PBXFileReference; fileEncoding = 4; lastKnownFileType = sourcecode.c.objc; path = "NSObject+MJKeyValue.m"; sourceTree = "<group>"; };
		CF8F1EA01A7DD2A600A4446B /* WSYTransitioning.h */ = {isa = PBXFileReference; fileEncoding = 4; lastKnownFileType = sourcecode.c.h; path = WSYTransitioning.h; sourceTree = "<group>"; };
		CF8F1EA11A7DD2A600A4446B /* WSYTransitioning.m */ = {isa = PBXFileReference; fileEncoding = 4; lastKnownFileType = sourcecode.c.objc; path = WSYTransitioning.m; sourceTree = "<group>"; };
		CF8F1EA51A7E00E500A4446B /* DeepMutableCopy.h */ = {isa = PBXFileReference; fileEncoding = 4; lastKnownFileType = sourcecode.c.h; path = DeepMutableCopy.h; sourceTree = "<group>"; };
		CF8F1EA61A7E00E500A4446B /* NSArray_DeepMutableCopy.h */ = {isa = PBXFileReference; fileEncoding = 4; lastKnownFileType = sourcecode.c.h; path = NSArray_DeepMutableCopy.h; sourceTree = "<group>"; };
		CF8F1EA71A7E00E500A4446B /* NSArray_DeepMutableCopy.m */ = {isa = PBXFileReference; fileEncoding = 4; lastKnownFileType = sourcecode.c.objc; path = NSArray_DeepMutableCopy.m; sourceTree = "<group>"; };
		CF8F1EA81A7E00E500A4446B /* NSDictionary_DeepMutableCopy.h */ = {isa = PBXFileReference; fileEncoding = 4; lastKnownFileType = sourcecode.c.h; path = NSDictionary_DeepMutableCopy.h; sourceTree = "<group>"; };
		CF8F1EA91A7E00E500A4446B /* NSDictionary_DeepMutableCopy.m */ = {isa = PBXFileReference; fileEncoding = 4; lastKnownFileType = sourcecode.c.objc; path = NSDictionary_DeepMutableCopy.m; sourceTree = "<group>"; };
		CF8F1EAC1A7E00E500A4446B /* ICUTemplateMatcher.h */ = {isa = PBXFileReference; fileEncoding = 4; lastKnownFileType = sourcecode.c.h; path = ICUTemplateMatcher.h; sourceTree = "<group>"; };
		CF8F1EAD1A7E00E500A4446B /* ICUTemplateMatcher.m */ = {isa = PBXFileReference; fileEncoding = 4; lastKnownFileType = sourcecode.c.objc; path = ICUTemplateMatcher.m; sourceTree = "<group>"; };
		CF8F1EAE1A7E00E500A4446B /* MGTemplateEngine.h */ = {isa = PBXFileReference; fileEncoding = 4; lastKnownFileType = sourcecode.c.h; path = MGTemplateEngine.h; sourceTree = "<group>"; };
		CF8F1EAF1A7E00E500A4446B /* MGTemplateEngine.m */ = {isa = PBXFileReference; fileEncoding = 4; lastKnownFileType = sourcecode.c.objc; path = MGTemplateEngine.m; sourceTree = "<group>"; };
		CF8F1EB01A7E00E500A4446B /* MGTemplateFilter.h */ = {isa = PBXFileReference; fileEncoding = 4; lastKnownFileType = sourcecode.c.h; path = MGTemplateFilter.h; sourceTree = "<group>"; };
		CF8F1EB11A7E00E500A4446B /* MGTemplateMarker.h */ = {isa = PBXFileReference; fileEncoding = 4; lastKnownFileType = sourcecode.c.h; path = MGTemplateMarker.h; sourceTree = "<group>"; };
		CF8F1EB21A7E00E500A4446B /* MGTemplateStandardFilters.h */ = {isa = PBXFileReference; fileEncoding = 4; lastKnownFileType = sourcecode.c.h; path = MGTemplateStandardFilters.h; sourceTree = "<group>"; };
		CF8F1EB31A7E00E500A4446B /* MGTemplateStandardFilters.m */ = {isa = PBXFileReference; fileEncoding = 4; lastKnownFileType = sourcecode.c.objc; path = MGTemplateStandardFilters.m; sourceTree = "<group>"; };
		CF8F1EB41A7E00E500A4446B /* MGTemplateStandardMarkers.h */ = {isa = PBXFileReference; fileEncoding = 4; lastKnownFileType = sourcecode.c.h; path = MGTemplateStandardMarkers.h; sourceTree = "<group>"; };
		CF8F1EB51A7E00E500A4446B /* MGTemplateStandardMarkers.m */ = {isa = PBXFileReference; fileEncoding = 4; lastKnownFileType = sourcecode.c.objc; path = MGTemplateStandardMarkers.m; sourceTree = "<group>"; };
		CF8F1EBC1A7E02E500A4446B /* content.js */ = {isa = PBXFileReference; fileEncoding = 4; lastKnownFileType = sourcecode.javascript; path = content.js; sourceTree = "<group>"; };
		CF8F1EBE1A7E073800A4446B /* content_template.html */ = {isa = PBXFileReference; fileEncoding = 4; lastKnownFileType = text.html; path = content_template.html; sourceTree = "<group>"; };
		CF8F1EC01A7E12F200A4446B /* DS-DIGI.TTF */ = {isa = PBXFileReference; lastKnownFileType = file; path = "DS-DIGI.TTF"; sourceTree = "<group>"; };
		CF8F1EC11A7E12F200A4446B /* DS-DIGIB.TTF */ = {isa = PBXFileReference; lastKnownFileType = file; path = "DS-DIGIB.TTF"; sourceTree = "<group>"; };
		CF8F1EC21A7E12F200A4446B /* lijinheiW8.TTF */ = {isa = PBXFileReference; lastKnownFileType = file; path = lijinheiW8.TTF; sourceTree = "<group>"; };
		CF8F1EC31A7E12F200A4446B /* StencilStd.ttf */ = {isa = PBXFileReference; lastKnownFileType = file; path = StencilStd.ttf; sourceTree = "<group>"; };
		CF8F1EC41A7E1E3900A4446B /* content.css */ = {isa = PBXFileReference; fileEncoding = 4; lastKnownFileType = text.css; path = content.css; sourceTree = "<group>"; };
		CF8F1EC61A7E2EC200A4446B /* topic_news.json */ = {isa = PBXFileReference; fileEncoding = 4; lastKnownFileType = text.json; path = topic_news.json; sourceTree = "<group>"; };
		CF8F1ECB1A7E541300A4446B /* PhotosetModel.h */ = {isa = PBXFileReference; fileEncoding = 4; lastKnownFileType = sourcecode.c.h; path = PhotosetModel.h; sourceTree = "<group>"; };
		CF8F1ECC1A7E541300A4446B /* PhotosetModel.m */ = {isa = PBXFileReference; fileEncoding = 4; lastKnownFileType = sourcecode.c.objc; path = PhotosetModel.m; sourceTree = "<group>"; };
		CF8F1ECE1A7E551900A4446B /* PhotosetPhotosModel.h */ = {isa = PBXFileReference; fileEncoding = 4; lastKnownFileType = sourcecode.c.h; path = PhotosetPhotosModel.h; sourceTree = "<group>"; };
		CF8F1ECF1A7E551900A4446B /* PhotosetPhotosModel.m */ = {isa = PBXFileReference; fileEncoding = 4; lastKnownFileType = sourcecode.c.objc; path = PhotosetPhotosModel.m; sourceTree = "<group>"; };
		CF8F1ED11A7E67AE00A4446B /* Photoset.storyboard */ = {isa = PBXFileReference; fileEncoding = 4; lastKnownFileType = file.storyboard; path = Photoset.storyboard; sourceTree = "<group>"; };
		CF8F1ED41A7E691300A4446B /* DetailImageModel.h */ = {isa = PBXFileReference; fileEncoding = 4; lastKnownFileType = sourcecode.c.h; path = DetailImageModel.h; sourceTree = "<group>"; };
		CF8F1ED51A7E691300A4446B /* DetailImageModel.m */ = {isa = PBXFileReference; fileEncoding = 4; lastKnownFileType = sourcecode.c.objc; path = DetailImageModel.m; sourceTree = "<group>"; };
		CF8F1ED61A7E691300A4446B /* DetailModel.h */ = {isa = PBXFileReference; fileEncoding = 4; lastKnownFileType = sourcecode.c.h; path = DetailModel.h; sourceTree = "<group>"; };
		CF8F1ED71A7E691300A4446B /* DetailModel.m */ = {isa = PBXFileReference; fileEncoding = 4; lastKnownFileType = sourcecode.c.objc; path = DetailModel.m; sourceTree = "<group>"; };
		CF8F1EDA1A7E691300A4446B /* DetailView.storyboard */ = {isa = PBXFileReference; fileEncoding = 4; lastKnownFileType = file.storyboard; path = DetailView.storyboard; sourceTree = "<group>"; };
		CF8F1EDB1A7E691300A4446B /* DetailViewController.h */ = {isa = PBXFileReference; fileEncoding = 4; lastKnownFileType = sourcecode.c.h; path = DetailViewController.h; sourceTree = "<group>"; };
		CF8F1EDC1A7E691300A4446B /* DetailViewController.m */ = {isa = PBXFileReference; fileEncoding = 4; lastKnownFileType = sourcecode.c.objc; path = DetailViewController.m; sourceTree = "<group>"; };
		CF96CB771A7FB568007A4B7C /* DetailNavigationController.h */ = {isa = PBXFileReference; fileEncoding = 4; lastKnownFileType = sourcecode.c.h; path = DetailNavigationController.h; sourceTree = "<group>"; };
		CF96CB781A7FB568007A4B7C /* DetailNavigationController.m */ = {isa = PBXFileReference; fileEncoding = 4; lastKnownFileType = sourcecode.c.objc; path = DetailNavigationController.m; sourceTree = "<group>"; };
		CFB160C01A7741BC00B9C6EA /* StatusBarHUD.bundle */ = {isa = PBXFileReference; lastKnownFileType = "wrapper.plug-in"; path = StatusBarHUD.bundle; sourceTree = "<group>"; };
		CFB160C11A7741BC00B9C6EA /* StatusBarHUD.h */ = {isa = PBXFileReference; fileEncoding = 4; lastKnownFileType = sourcecode.c.h; path = StatusBarHUD.h; sourceTree = "<group>"; };
		CFB160C21A7741BC00B9C6EA /* StatusBarHUD.m */ = {isa = PBXFileReference; fileEncoding = 4; lastKnownFileType = sourcecode.c.objc; path = StatusBarHUD.m; sourceTree = "<group>"; };
		CFB6282B1A7F244300AE7A75 /* DetailVideoModel.h */ = {isa = PBXFileReference; fileEncoding = 4; lastKnownFileType = sourcecode.c.h; path = DetailVideoModel.h; sourceTree = "<group>"; };
		CFB6282C1A7F244300AE7A75 /* DetailVideoModel.m */ = {isa = PBXFileReference; fileEncoding = 4; lastKnownFileType = sourcecode.c.objc; path = DetailVideoModel.m; sourceTree = "<group>"; };
		CFBA05EA1A7E6A48005CAAE5 /* PhotosetViewController.h */ = {isa = PBXFileReference; fileEncoding = 4; lastKnownFileType = sourcecode.c.h; path = PhotosetViewController.h; sourceTree = "<group>"; };
		CFBA05EB1A7E6A48005CAAE5 /* PhotosetViewController.m */ = {isa = PBXFileReference; fileEncoding = 4; lastKnownFileType = sourcecode.c.objc; path = PhotosetViewController.m; sourceTree = "<group>"; };
		CFBA06201A7E9D40005CAAE5 /* UIImage+Scale.h */ = {isa = PBXFileReference; fileEncoding = 4; lastKnownFileType = sourcecode.c.h; path = "UIImage+Scale.h"; sourceTree = "<group>"; };
		CFBA06211A7E9D40005CAAE5 /* UIImage+Scale.m */ = {isa = PBXFileReference; fileEncoding = 4; lastKnownFileType = sourcecode.c.objc; path = "UIImage+Scale.m"; sourceTree = "<group>"; };
		CFC829C21A6F92BA003DC056 /* NetEaseNews.app */ = {isa = PBXFileReference; explicitFileType = wrapper.application; includeInIndex = 0; path = NetEaseNews.app; sourceTree = BUILT_PRODUCTS_DIR; };
		CFC829C61A6F92BA003DC056 /* Info.plist */ = {isa = PBXFileReference; lastKnownFileType = text.plist.xml; path = Info.plist; sourceTree = "<group>"; };
		CFC829D21A6F92BA003DC056 /* Images.xcassets */ = {isa = PBXFileReference; lastKnownFileType = folder.assetcatalog; path = Images.xcassets; sourceTree = "<group>"; };
		CFC829DB1A6F92BA003DC056 /* NetEaseNewsTests.xctest */ = {isa = PBXFileReference; explicitFileType = wrapper.cfbundle; includeInIndex = 0; path = NetEaseNewsTests.xctest; sourceTree = BUILT_PRODUCTS_DIR; };
		CFC829E01A6F92BA003DC056 /* Info.plist */ = {isa = PBXFileReference; lastKnownFileType = text.plist.xml; path = Info.plist; sourceTree = "<group>"; };
		CFC829E11A6F92BA003DC056 /* NetEaseNewsTests.m */ = {isa = PBXFileReference; lastKnownFileType = sourcecode.c.objc; path = NetEaseNewsTests.m; sourceTree = "<group>"; };
		CFC82A0A1A6F9308003DC056 /* WSYNetworkTools.h */ = {isa = PBXFileReference; fileEncoding = 4; lastKnownFileType = sourcecode.c.h; path = WSYNetworkTools.h; sourceTree = "<group>"; };
		CFC82A0B1A6F9308003DC056 /* WSYNetworkTools.m */ = {isa = PBXFileReference; fileEncoding = 4; lastKnownFileType = sourcecode.c.objc; path = WSYNetworkTools.m; sourceTree = "<group>"; };
		CFD816ED1A7A9E8C00E07F16 /* UIView+Extension.h */ = {isa = PBXFileReference; fileEncoding = 4; lastKnownFileType = sourcecode.c.h; path = "UIView+Extension.h"; sourceTree = "<group>"; };
		CFD816EE1A7A9E8C00E07F16 /* UIView+Extension.m */ = {isa = PBXFileReference; fileEncoding = 4; lastKnownFileType = sourcecode.c.objc; path = "UIView+Extension.m"; sourceTree = "<group>"; };
		CFE0EE871A765408009E4A59 /* NSObject+Extension.h */ = {isa = PBXFileReference; fileEncoding = 4; lastKnownFileType = sourcecode.c.h; path = "NSObject+Extension.h"; sourceTree = "<group>"; };
		CFE0EE881A765408009E4A59 /* NSObject+Extension.m */ = {isa = PBXFileReference; fileEncoding = 4; lastKnownFileType = sourcecode.c.objc; path = "NSObject+Extension.m"; sourceTree = "<group>"; };
		CFF420291A7BD5FA00F09E3A /* MJRefresh.bundle */ = {isa = PBXFileReference; lastKnownFileType = "wrapper.plug-in"; path = MJRefresh.bundle; sourceTree = "<group>"; };
		CFF4202A1A7BD5FA00F09E3A /* MJRefresh.h */ = {isa = PBXFileReference; fileEncoding = 4; lastKnownFileType = sourcecode.c.h; path = MJRefresh.h; sourceTree = "<group>"; };
		CFF4202B1A7BD5FA00F09E3A /* MJRefreshBaseView.h */ = {isa = PBXFileReference; fileEncoding = 4; lastKnownFileType = sourcecode.c.h; path = MJRefreshBaseView.h; sourceTree = "<group>"; };
		CFF4202C1A7BD5FA00F09E3A /* MJRefreshBaseView.m */ = {isa = PBXFileReference; fileEncoding = 4; lastKnownFileType = sourcecode.c.objc; path = MJRefreshBaseView.m; sourceTree = "<group>"; };
		CFF4202D1A7BD5FA00F09E3A /* MJRefreshConst.h */ = {isa = PBXFileReference; fileEncoding = 4; lastKnownFileType = sourcecode.c.h; path = MJRefreshConst.h; sourceTree = "<group>"; };
		CFF4202E1A7BD5FA00F09E3A /* MJRefreshConst.m */ = {isa = PBXFileReference; fileEncoding = 4; lastKnownFileType = sourcecode.c.objc; path = MJRefreshConst.m; sourceTree = "<group>"; };
		CFF4202F1A7BD5FA00F09E3A /* MJRefreshFooterView.h */ = {isa = PBXFileReference; fileEncoding = 4; lastKnownFileType = sourcecode.c.h; path = MJRefreshFooterView.h; sourceTree = "<group>"; };
		CFF420301A7BD5FA00F09E3A /* MJRefreshFooterView.m */ = {isa = PBXFileReference; fileEncoding = 4; lastKnownFileType = sourcecode.c.objc; path = MJRefreshFooterView.m; sourceTree = "<group>"; };
		CFF420311A7BD5FA00F09E3A /* MJRefreshHeaderView.h */ = {isa = PBXFileReference; fileEncoding = 4; lastKnownFileType = sourcecode.c.h; path = MJRefreshHeaderView.h; sourceTree = "<group>"; };
		CFF420321A7BD5FA00F09E3A /* MJRefreshHeaderView.m */ = {isa = PBXFileReference; fileEncoding = 4; lastKnownFileType = sourcecode.c.objc; path = MJRefreshHeaderView.m; sourceTree = "<group>"; };
		CFF420331A7BD5FA00F09E3A /* UIScrollView+MJExtension.h */ = {isa = PBXFileReference; fileEncoding = 4; lastKnownFileType = sourcecode.c.h; path = "UIScrollView+MJExtension.h"; sourceTree = "<group>"; };
		CFF420341A7BD5FA00F09E3A /* UIScrollView+MJExtension.m */ = {isa = PBXFileReference; fileEncoding = 4; lastKnownFileType = sourcecode.c.objc; path = "UIScrollView+MJExtension.m"; sourceTree = "<group>"; };
		CFF420351A7BD5FA00F09E3A /* UIScrollView+MJRefresh.h */ = {isa = PBXFileReference; fileEncoding = 4; lastKnownFileType = sourcecode.c.h; path = "UIScrollView+MJRefresh.h"; sourceTree = "<group>"; };
		CFF420361A7BD5FA00F09E3A /* UIScrollView+MJRefresh.m */ = {isa = PBXFileReference; fileEncoding = 4; lastKnownFileType = sourcecode.c.objc; path = "UIScrollView+MJRefresh.m"; sourceTree = "<group>"; };
		CFF420371A7BD5FA00F09E3A /* UIView+MJExtension.h */ = {isa = PBXFileReference; fileEncoding = 4; lastKnownFileType = sourcecode.c.h; path = "UIView+MJExtension.h"; sourceTree = "<group>"; };
		CFF420381A7BD5FA00F09E3A /* UIView+MJExtension.m */ = {isa = PBXFileReference; fileEncoding = 4; lastKnownFileType = sourcecode.c.objc; path = "UIView+MJExtension.m"; sourceTree = "<group>"; };
		CFF67B3B1A72B7BB0000D151 /* ChannelModel.h */ = {isa = PBXFileReference; fileEncoding = 4; lastKnownFileType = sourcecode.c.h; path = ChannelModel.h; sourceTree = "<group>"; };
		CFF67B3C1A72B7BB0000D151 /* ChannelModel.m */ = {isa = PBXFileReference; fileEncoding = 4; lastKnownFileType = sourcecode.c.objc; path = ChannelModel.m; sourceTree = "<group>"; };
		CFFA8BDF1A73A20C005A5E28 /* SingleNewsHeaderCell.h */ = {isa = PBXFileReference; fileEncoding = 4; lastKnownFileType = sourcecode.c.h; path = SingleNewsHeaderCell.h; sourceTree = "<group>"; };
		CFFA8BE01A73A20C005A5E28 /* SingleNewsHeaderCell.m */ = {isa = PBXFileReference; fileEncoding = 4; lastKnownFileType = sourcecode.c.objc; path = SingleNewsHeaderCell.m; sourceTree = "<group>"; };
/* End PBXFileReference section */

/* Begin PBXFrameworksBuildPhase section */
		CFC829BF1A6F92BA003DC056 /* Frameworks */ = {
			isa = PBXFrameworksBuildPhase;
			buildActionMask = 2147483647;
			files = (
			);
			runOnlyForDeploymentPostprocessing = 0;
		};
		CFC829D81A6F92BA003DC056 /* Frameworks */ = {
			isa = PBXFrameworksBuildPhase;
			buildActionMask = 2147483647;
			files = (
			);
			runOnlyForDeploymentPostprocessing = 0;
		};
/* End PBXFrameworksBuildPhase section */

/* Begin PBXGroup section */
		CF134F751A716EFE00956401 /* BaseNavigation */ = {
			isa = PBXGroup;
			children = (
				CF134F791A7173AF00956401 /* Base.storyboard */,
				CF134F761A716F1700956401 /* BaseViewController.h */,
				CF134F771A716F1700956401 /* BaseViewController.m */,
			);
			path = BaseNavigation;
			sourceTree = "<group>";
		};
		CF2B01F51A778B9400FA1F15 /* Title */ = {
			isa = PBXGroup;
			children = (
				CF2B01F71A778B9400FA1F15 /* TitleLabel.h */,
				CF2B01F81A778B9400FA1F15 /* TitleLabel.m */,
			);
			path = Title;
			sourceTree = "<group>";
		};
		CF3A01861A70CC440067D07D /* Other */ = {
			isa = PBXGroup;
			children = (
				CF3A01871A70CC440067D07D /* AppDelegate.h */,
				CF3A01881A70CC440067D07D /* AppDelegate.m */,
				CF3A01891A70CC440067D07D /* main.m */,
			);
			path = Other;
			sourceTree = "<group>";
		};
		CF3A018C1A70CC990067D07D /* News */ = {
			isa = PBXGroup;
			children = (
				CFF67B3A1A72B79A0000D151 /* Model */,
				CF134F751A716EFE00956401 /* BaseNavigation */,
				CF2B01F51A778B9400FA1F15 /* Title */,
				CF3A018E1A70CC990067D07D /* Single */,
				CF80A8EF1A75C66F00155A5C /* Detail */,
			);
			path = News;
			sourceTree = "<group>";
		};
		CF3A018E1A70CC990067D07D /* Single */ = {
			isa = PBXGroup;
			children = (
				CF3A01C11A70D0F20067D07D /* Single.storyboard */,
				CF3A01C61A70D11C0067D07D /* SingleNewsCell.h */,
				CF3A01C71A70D11C0067D07D /* SingleNewsCell.m */,
				CFFA8BDF1A73A20C005A5E28 /* SingleNewsHeaderCell.h */,
				CFFA8BE01A73A20C005A5E28 /* SingleNewsHeaderCell.m */,
				CF3A01C91A70D1430067D07D /* SingleNewsTableViewController.h */,
				CF3A01CA1A70D1430067D07D /* SingleNewsTableViewController.m */,
				CF8F1EA01A7DD2A600A4446B /* WSYTransitioning.h */,
				CF8F1EA11A7DD2A600A4446B /* WSYTransitioning.m */,
			);
			path = Single;
			sourceTree = "<group>";
		};
		CF3A018F1A70CCA50067D07D /* SDWebImage */ = {
			isa = PBXGroup;
			children = (
				CF3A01901A70CCA50067D07D /* MKAnnotationView+WebCache.h */,
				CF3A01911A70CCA50067D07D /* MKAnnotationView+WebCache.m */,
				CF3A01921A70CCA50067D07D /* NSData+ImageContentType.h */,
				CF3A01931A70CCA50067D07D /* NSData+ImageContentType.m */,
				CF3A01941A70CCA50067D07D /* SDImageCache.h */,
				CF3A01951A70CCA50067D07D /* SDImageCache.m */,
				CF3A01961A70CCA50067D07D /* SDWebImageCompat.h */,
				CF3A01971A70CCA50067D07D /* SDWebImageCompat.m */,
				CF3A01981A70CCA50067D07D /* SDWebImageDecoder.h */,
				CF3A01991A70CCA50067D07D /* SDWebImageDecoder.m */,
				CF3A019A1A70CCA50067D07D /* SDWebImageDownloader.h */,
				CF3A019B1A70CCA50067D07D /* SDWebImageDownloader.m */,
				CF3A019C1A70CCA50067D07D /* SDWebImageDownloaderOperation.h */,
				CF3A019D1A70CCA50067D07D /* SDWebImageDownloaderOperation.m */,
				CF3A019E1A70CCA50067D07D /* SDWebImageManager.h */,
				CF3A019F1A70CCA50067D07D /* SDWebImageManager.m */,
				CF3A01A01A70CCA50067D07D /* SDWebImageOperation.h */,
				CF3A01A11A70CCA50067D07D /* SDWebImagePrefetcher.h */,
				CF3A01A21A70CCA50067D07D /* SDWebImagePrefetcher.m */,
				CF3A01A31A70CCA50067D07D /* UIButton+WebCache.h */,
				CF3A01A41A70CCA50067D07D /* UIButton+WebCache.m */,
				CF3A01A51A70CCA50067D07D /* UIImage+GIF.h */,
				CF3A01A61A70CCA50067D07D /* UIImage+GIF.m */,
				CF3A01A71A70CCA50067D07D /* UIImage+MultiFormat.h */,
				CF3A01A81A70CCA50067D07D /* UIImage+MultiFormat.m */,
				CF3A01A91A70CCA50067D07D /* UIImage+WebP.h */,
				CF3A01AA1A70CCA50067D07D /* UIImage+WebP.m */,
				CF3A01AB1A70CCA50067D07D /* UIImageView+HighlightedWebCache.h */,
				CF3A01AC1A70CCA50067D07D /* UIImageView+HighlightedWebCache.m */,
				CF3A01AD1A70CCA50067D07D /* UIImageView+WebCache.h */,
				CF3A01AE1A70CCA50067D07D /* UIImageView+WebCache.m */,
				CF3A01AF1A70CCA50067D07D /* UIView+WebCacheOperation.h */,
				CF3A01B01A70CCA50067D07D /* UIView+WebCacheOperation.m */,
			);
			path = SDWebImage;
			sourceTree = "<group>";
		};
		CF3A01DB1A70EFA80067D07D /* AFNetworking */ = {
			isa = PBXGroup;
			children = (
				CF3A01DC1A70EFA80067D07D /* AFHTTPRequestOperation.h */,
				CF3A01DD1A70EFA80067D07D /* AFHTTPRequestOperation.m */,
				CF3A01DE1A70EFA80067D07D /* AFHTTPRequestOperationManager.h */,
				CF3A01DF1A70EFA80067D07D /* AFHTTPRequestOperationManager.m */,
				CF3A01E01A70EFA80067D07D /* AFHTTPSessionManager.h */,
				CF3A01E11A70EFA80067D07D /* AFHTTPSessionManager.m */,
				CF3A01E21A70EFA80067D07D /* AFNetworking.h */,
				CF3A01E31A70EFA80067D07D /* AFNetworkReachabilityManager.h */,
				CF3A01E41A70EFA80067D07D /* AFNetworkReachabilityManager.m */,
				CF3A01E51A70EFA80067D07D /* AFSecurityPolicy.h */,
				CF3A01E61A70EFA80067D07D /* AFSecurityPolicy.m */,
				CF3A01E71A70EFA80067D07D /* AFURLConnectionOperation.h */,
				CF3A01E81A70EFA80067D07D /* AFURLConnectionOperation.m */,
				CF3A01E91A70EFA80067D07D /* AFURLRequestSerialization.h */,
				CF3A01EA1A70EFA80067D07D /* AFURLRequestSerialization.m */,
				CF3A01EB1A70EFA80067D07D /* AFURLResponseSerialization.h */,
				CF3A01EC1A70EFA80067D07D /* AFURLResponseSerialization.m */,
				CF3A01ED1A70EFA80067D07D /* AFURLSessionManager.h */,
				CF3A01EE1A70EFA80067D07D /* AFURLSessionManager.m */,
			);
			path = AFNetworking;
			sourceTree = "<group>";
		};
		CF3A02001A70F15F0067D07D /* Test */ = {
			isa = PBXGroup;
			children = (
				CF3A02011A70F15F0067D07D /* NetworkTest.storyboard */,
				CF3A02021A70F15F0067D07D /* ViewController.h */,
				CF3A02031A70F15F0067D07D /* ViewController.m */,
			);
			path = Test;
			sourceTree = "<group>";
		};
		CF80A8EF1A75C66F00155A5C /* Detail */ = {
			isa = PBXGroup;
			children = (
				CF8F1ED31A7E691300A4446B /* Normal */,
				CF8F1ECA1A7E540500A4446B /* Photoset */,
			);
			path = Detail;
			sourceTree = "<group>";
		};
		CF80A90D1A75CB3200155A5C /* MJExtension */ = {
			isa = PBXGroup;
			children = (
				CF80A90E1A75CB3200155A5C /* MJConst.h */,
				CF80A90F1A75CB3200155A5C /* MJConst.m */,
				CF80A9101A75CB3200155A5C /* MJExtension.h */,
				CF80A9111A75CB3200155A5C /* MJFoundation.h */,
				CF80A9121A75CB3200155A5C /* MJFoundation.m */,
				CF80A9131A75CB3200155A5C /* MJIvar.h */,
				CF80A9141A75CB3200155A5C /* MJIvar.m */,
				CF80A9151A75CB3200155A5C /* MJType.h */,
				CF80A9161A75CB3200155A5C /* MJType.m */,
				CF80A9171A75CB3200155A5C /* NSObject+MJCoding.h */,
				CF80A9181A75CB3200155A5C /* NSObject+MJCoding.m */,
				CF80A9191A75CB3200155A5C /* NSObject+MJIvar.h */,
				CF80A91A1A75CB3200155A5C /* NSObject+MJIvar.m */,
				CF80A91B1A75CB3200155A5C /* NSObject+MJKeyValue.h */,
				CF80A91C1A75CB3200155A5C /* NSObject+MJKeyValue.m */,
			);
			path = MJExtension;
			sourceTree = "<group>";
		};
		CF8F1EA31A7E00E500A4446B /* MGTemplateEngine */ = {
			isa = PBXGroup;
			children = (
				CF8F1EA41A7E00E500A4446B /* DeepMutableCopy */,
				CF8F1EAA1A7E00E500A4446B /* Matchers */,
				CF8F1EAE1A7E00E500A4446B /* MGTemplateEngine.h */,
				CF8F1EAF1A7E00E500A4446B /* MGTemplateEngine.m */,
				CF8F1EB01A7E00E500A4446B /* MGTemplateFilter.h */,
				CF8F1EB11A7E00E500A4446B /* MGTemplateMarker.h */,
				CF8F1EB21A7E00E500A4446B /* MGTemplateStandardFilters.h */,
				CF8F1EB31A7E00E500A4446B /* MGTemplateStandardFilters.m */,
				CF8F1EB41A7E00E500A4446B /* MGTemplateStandardMarkers.h */,
				CF8F1EB51A7E00E500A4446B /* MGTemplateStandardMarkers.m */,
			);
			path = MGTemplateEngine;
			sourceTree = "<group>";
		};
		CF8F1EA41A7E00E500A4446B /* DeepMutableCopy */ = {
			isa = PBXGroup;
			children = (
				CF8F1EA51A7E00E500A4446B /* DeepMutableCopy.h */,
				CF8F1EA61A7E00E500A4446B /* NSArray_DeepMutableCopy.h */,
				CF8F1EA71A7E00E500A4446B /* NSArray_DeepMutableCopy.m */,
				CF8F1EA81A7E00E500A4446B /* NSDictionary_DeepMutableCopy.h */,
				CF8F1EA91A7E00E500A4446B /* NSDictionary_DeepMutableCopy.m */,
			);
			path = DeepMutableCopy;
			sourceTree = "<group>";
		};
		CF8F1EAA1A7E00E500A4446B /* Matchers */ = {
			isa = PBXGroup;
			children = (
				CF8F1EAB1A7E00E500A4446B /* RegexKitLite */,
			);
			path = Matchers;
			sourceTree = "<group>";
		};
		CF8F1EAB1A7E00E500A4446B /* RegexKitLite */ = {
			isa = PBXGroup;
			children = (
				CF8F1EAC1A7E00E500A4446B /* ICUTemplateMatcher.h */,
				CF8F1EAD1A7E00E500A4446B /* ICUTemplateMatcher.m */,
			);
			path = RegexKitLite;
			sourceTree = "<group>";
		};
		CF8F1ECA1A7E540500A4446B /* Photoset */ = {
			isa = PBXGroup;
			children = (
				CF8F1ECB1A7E541300A4446B /* PhotosetModel.h */,
				CF8F1ECC1A7E541300A4446B /* PhotosetModel.m */,
				CF8F1ECE1A7E551900A4446B /* PhotosetPhotosModel.h */,
				CF8F1ECF1A7E551900A4446B /* PhotosetPhotosModel.m */,
				CF8F1ED11A7E67AE00A4446B /* Photoset.storyboard */,
				CFBA05EA1A7E6A48005CAAE5 /* PhotosetViewController.h */,
				CFBA05EB1A7E6A48005CAAE5 /* PhotosetViewController.m */,
			);
			path = Photoset;
			sourceTree = "<group>";
		};
		CF8F1ED31A7E691300A4446B /* Normal */ = {
			isa = PBXGroup;
			children = (
				CF8F1ED41A7E691300A4446B /* DetailImageModel.h */,
				CF8F1ED51A7E691300A4446B /* DetailImageModel.m */,
				CFB6282B1A7F244300AE7A75 /* DetailVideoModel.h */,
				CFB6282C1A7F244300AE7A75 /* DetailVideoModel.m */,
				CF8F1ED61A7E691300A4446B /* DetailModel.h */,
				CF8F1ED71A7E691300A4446B /* DetailModel.m */,
				CF8F1EDA1A7E691300A4446B /* DetailView.storyboard */,
				CF8F1EDB1A7E691300A4446B /* DetailViewController.h */,
				CF8F1EDC1A7E691300A4446B /* DetailViewController.m */,
				CF96CB771A7FB568007A4B7C /* DetailNavigationController.h */,
				CF96CB781A7FB568007A4B7C /* DetailNavigationController.m */,
			);
			path = Normal;
			sourceTree = "<group>";
		};
		CFB160BF1A7741BC00B9C6EA /* StatusBarHUD */ = {
			isa = PBXGroup;
			children = (
				CFB160C01A7741BC00B9C6EA /* StatusBarHUD.bundle */,
				CFB160C11A7741BC00B9C6EA /* StatusBarHUD.h */,
				CFB160C21A7741BC00B9C6EA /* StatusBarHUD.m */,
			);
			path = StatusBarHUD;
			sourceTree = "<group>";
		};
		CFC829B91A6F92BA003DC056 = {
			isa = PBXGroup;
			children = (
				CFC829C41A6F92BA003DC056 /* NetEaseNews */,
				CFC829DE1A6F92BA003DC056 /* NetEaseNewsTests */,
				CFC829C31A6F92BA003DC056 /* Products */,
			);
			sourceTree = "<group>";
		};
		CFC829C31A6F92BA003DC056 /* Products */ = {
			isa = PBXGroup;
			children = (
				CFC829C21A6F92BA003DC056 /* NetEaseNews.app */,
				CFC829DB1A6F92BA003DC056 /* NetEaseNewsTests.xctest */,
			);
			name = Products;
			sourceTree = "<group>";
		};
		CFC829C41A6F92BA003DC056 /* NetEaseNews */ = {
			isa = PBXGroup;
			children = (
				CF3A02001A70F15F0067D07D /* Test */,
				CF3A018C1A70CC990067D07D /* News */,
				CF3A01861A70CC440067D07D /* Other */,
				CFC829EB1A6F92E8003DC056 /* Tools */,
				CFC829EC1A6F92E8003DC056 /* Vendor */,
				CFC829C51A6F92BA003DC056 /* Supporting Files */,
			);
			path = NetEaseNews;
			sourceTree = "<group>";
		};
		CFC829C51A6F92BA003DC056 /* Supporting Files */ = {
			isa = PBXGroup;
			children = (
				CF8F1EC61A7E2EC200A4446B /* topic_news.json */,
				CF8F1EC41A7E1E3900A4446B /* content.css */,
				CF8F1EC01A7E12F200A4446B /* DS-DIGI.TTF */,
				CF8F1EC11A7E12F200A4446B /* DS-DIGIB.TTF */,
				CF8F1EC21A7E12F200A4446B /* lijinheiW8.TTF */,
				CF8F1EC31A7E12F200A4446B /* StencilStd.ttf */,
				CF8F1EBE1A7E073800A4446B /* content_template.html */,
				CF8F1EBC1A7E02E500A4446B /* content.js */,
				CFC829D21A6F92BA003DC056 /* Images.xcassets */,
				CFC829C61A6F92BA003DC056 /* Info.plist */,
			);
			name = "Supporting Files";
			sourceTree = "<group>";
		};
		CFC829DE1A6F92BA003DC056 /* NetEaseNewsTests */ = {
			isa = PBXGroup;
			children = (
				CFC829E11A6F92BA003DC056 /* NetEaseNewsTests.m */,
				CFC829DF1A6F92BA003DC056 /* Supporting Files */,
			);
			path = NetEaseNewsTests;
			sourceTree = "<group>";
		};
		CFC829DF1A6F92BA003DC056 /* Supporting Files */ = {
			isa = PBXGroup;
			children = (
				CFC829E01A6F92BA003DC056 /* Info.plist */,
			);
			name = "Supporting Files";
			sourceTree = "<group>";
		};
		CFC829EB1A6F92E8003DC056 /* Tools */ = {
			isa = PBXGroup;
			children = (
				CF3A02061A7138000067D07D /* NSString+StringExt.h */,
				CF3A02071A7138000067D07D /* NSString+StringExt.m */,
				CFC82A0A1A6F9308003DC056 /* WSYNetworkTools.h */,
				CFC82A0B1A6F9308003DC056 /* WSYNetworkTools.m */,
				CFD816ED1A7A9E8C00E07F16 /* UIView+Extension.h */,
				CFD816EE1A7A9E8C00E07F16 /* UIView+Extension.m */,
				CFE0EE871A765408009E4A59 /* NSObject+Extension.h */,
				CFE0EE881A765408009E4A59 /* NSObject+Extension.m */,
				CFBA06201A7E9D40005CAAE5 /* UIImage+Scale.h */,
				CFBA06211A7E9D40005CAAE5 /* UIImage+Scale.m */,
			);
			path = Tools;
			sourceTree = "<group>";
		};
		CFC829EC1A6F92E8003DC056 /* Vendor */ = {
			isa = PBXGroup;
			children = (
				CF8F1EA31A7E00E500A4446B /* MGTemplateEngine */,
				CFF420281A7BD5FA00F09E3A /* MJRefresh */,
				CFB160BF1A7741BC00B9C6EA /* StatusBarHUD */,
				CF80A90D1A75CB3200155A5C /* MJExtension */,
				CF3A01DB1A70EFA80067D07D /* AFNetworking */,
				CF3A018F1A70CCA50067D07D /* SDWebImage */,
			);
			path = Vendor;
			sourceTree = "<group>";
		};
		CFF420281A7BD5FA00F09E3A /* MJRefresh */ = {
			isa = PBXGroup;
			children = (
				CFF420291A7BD5FA00F09E3A /* MJRefresh.bundle */,
				CFF4202A1A7BD5FA00F09E3A /* MJRefresh.h */,
				CFF4202B1A7BD5FA00F09E3A /* MJRefreshBaseView.h */,
				CFF4202C1A7BD5FA00F09E3A /* MJRefreshBaseView.m */,
				CFF4202D1A7BD5FA00F09E3A /* MJRefreshConst.h */,
				CFF4202E1A7BD5FA00F09E3A /* MJRefreshConst.m */,
				CFF4202F1A7BD5FA00F09E3A /* MJRefreshFooterView.h */,
				CFF420301A7BD5FA00F09E3A /* MJRefreshFooterView.m */,
				CFF420311A7BD5FA00F09E3A /* MJRefreshHeaderView.h */,
				CFF420321A7BD5FA00F09E3A /* MJRefreshHeaderView.m */,
				CFF420331A7BD5FA00F09E3A /* UIScrollView+MJExtension.h */,
				CFF420341A7BD5FA00F09E3A /* UIScrollView+MJExtension.m */,
				CFF420351A7BD5FA00F09E3A /* UIScrollView+MJRefresh.h */,
				CFF420361A7BD5FA00F09E3A /* UIScrollView+MJRefresh.m */,
				CFF420371A7BD5FA00F09E3A /* UIView+MJExtension.h */,
				CFF420381A7BD5FA00F09E3A /* UIView+MJExtension.m */,
			);
			path = MJRefresh;
			sourceTree = "<group>";
		};
		CFF67B3A1A72B79A0000D151 /* Model */ = {
			isa = PBXGroup;
			children = (
				CFF67B3B1A72B7BB0000D151 /* ChannelModel.h */,
				CFF67B3C1A72B7BB0000D151 /* ChannelModel.m */,
				CF3A01C31A70D1100067D07D /* SingleModel.h */,
				CF3A01C41A70D1100067D07D /* SingleModel.m */,
			);
			path = Model;
			sourceTree = "<group>";
		};
/* End PBXGroup section */

/* Begin PBXNativeTarget section */
		CFC829C11A6F92BA003DC056 /* NetEaseNews */ = {
			isa = PBXNativeTarget;
			buildConfigurationList = CFC829E51A6F92BA003DC056 /* Build configuration list for PBXNativeTarget "NetEaseNews" */;
			buildPhases = (
				CFC829BE1A6F92BA003DC056 /* Sources */,
				CFC829BF1A6F92BA003DC056 /* Frameworks */,
				CFC829C01A6F92BA003DC056 /* Resources */,
			);
			buildRules = (
			);
			dependencies = (
			);
			name = NetEaseNews;
			productName = NetEaseNews;
			productReference = CFC829C21A6F92BA003DC056 /* NetEaseNews.app */;
			productType = "com.apple.product-type.application";
		};
		CFC829DA1A6F92BA003DC056 /* NetEaseNewsTests */ = {
			isa = PBXNativeTarget;
			buildConfigurationList = CFC829E81A6F92BA003DC056 /* Build configuration list for PBXNativeTarget "NetEaseNewsTests" */;
			buildPhases = (
				CFC829D71A6F92BA003DC056 /* Sources */,
				CFC829D81A6F92BA003DC056 /* Frameworks */,
				CFC829D91A6F92BA003DC056 /* Resources */,
			);
			buildRules = (
			);
			dependencies = (
				CFC829DD1A6F92BA003DC056 /* PBXTargetDependency */,
			);
			name = NetEaseNewsTests;
			productName = NetEaseNewsTests;
			productReference = CFC829DB1A6F92BA003DC056 /* NetEaseNewsTests.xctest */;
			productType = "com.apple.product-type.bundle.unit-test";
		};
/* End PBXNativeTarget section */

/* Begin PBXProject section */
		CFC829BA1A6F92BA003DC056 /* Project object */ = {
			isa = PBXProject;
			attributes = {
				LastUpgradeCheck = 0610;
				ORGANIZATIONNAME = wangshiyu13;
				TargetAttributes = {
					CFC829C11A6F92BA003DC056 = {
						CreatedOnToolsVersion = 6.1.1;
					};
					CFC829DA1A6F92BA003DC056 = {
						CreatedOnToolsVersion = 6.1.1;
						TestTargetID = CFC829C11A6F92BA003DC056;
					};
				};
			};
			buildConfigurationList = CFC829BD1A6F92BA003DC056 /* Build configuration list for PBXProject "NetEaseNews" */;
			compatibilityVersion = "Xcode 3.2";
			developmentRegion = English;
			hasScannedForEncodings = 0;
			knownRegions = (
				en,
				Base,
			);
			mainGroup = CFC829B91A6F92BA003DC056;
			productRefGroup = CFC829C31A6F92BA003DC056 /* Products */;
			projectDirPath = "";
			projectRoot = "";
			targets = (
				CFC829C11A6F92BA003DC056 /* NetEaseNews */,
				CFC829DA1A6F92BA003DC056 /* NetEaseNewsTests */,
			);
		};
/* End PBXProject section */

/* Begin PBXResourcesBuildPhase section */
		CFC829C01A6F92BA003DC056 /* Resources */ = {
			isa = PBXResourcesBuildPhase;
			buildActionMask = 2147483647;
			files = (
				CF8F1ED21A7E67AE00A4446B /* Photoset.storyboard in Resources */,
				CF3A02041A70F15F0067D07D /* NetworkTest.storyboard in Resources */,
				CF8F1EE01A7E691300A4446B /* DetailView.storyboard in Resources */,
				CF8F1EBD1A7E02E500A4446B /* content.js in Resources */,
				CF134F7A1A7173AF00956401 /* Base.storyboard in Resources */,
				CF3A01C21A70D0F20067D07D /* Single.storyboard in Resources */,
				CF8F1EC51A7E1E3900A4446B /* content.css in Resources */,
				CF8F1EC71A7E2EC200A4446B /* topic_news.json in Resources */,
				CFC829D31A6F92BA003DC056 /* Images.xcassets in Resources */,
				CFB160C31A7741BC00B9C6EA /* StatusBarHUD.bundle in Resources */,
				CFF420391A7BD5FA00F09E3A /* MJRefresh.bundle in Resources */,
				CF8F1EBF1A7E073800A4446B /* content_template.html in Resources */,
			);
			runOnlyForDeploymentPostprocessing = 0;
		};
		CFC829D91A6F92BA003DC056 /* Resources */ = {
			isa = PBXResourcesBuildPhase;
			buildActionMask = 2147483647;
			files = (
			);
			runOnlyForDeploymentPostprocessing = 0;
		};
/* End PBXResourcesBuildPhase section */

/* Begin PBXSourcesBuildPhase section */
		CFC829BE1A6F92BA003DC056 /* Sources */ = {
			isa = PBXSourcesBuildPhase;
			buildActionMask = 2147483647;
			files = (
				CF3A02051A70F15F0067D07D /* ViewController.m in Sources */,
				CF134F781A716F1700956401 /* BaseViewController.m in Sources */,
				CF3A01EF1A70EFA80067D07D /* AFHTTPRequestOperation.m in Sources */,
				CF80A91E1A75CB3200155A5C /* MJFoundation.m in Sources */,
				CF80A9201A75CB3200155A5C /* MJType.m in Sources */,
				CF3A018A1A70CC440067D07D /* AppDelegate.m in Sources */,
				CF96CB791A7FB568007A4B7C /* DetailNavigationController.m in Sources */,
				CFF4203A1A7BD5FA00F09E3A /* MJRefreshBaseView.m in Sources */,
				CF3A01F61A70EFA80067D07D /* AFURLResponseSerialization.m in Sources */,
				CFC82A0C1A6F9308003DC056 /* WSYNetworkTools.m in Sources */,
				CF3A01C51A70D1100067D07D /* SingleModel.m in Sources */,
				CF8F1EA21A7DD2A600A4446B /* WSYTransitioning.m in Sources */,
				CF3A01CB1A70D1430067D07D /* SingleNewsTableViewController.m in Sources */,
				CFF4203C1A7BD5FA00F09E3A /* MJRefreshFooterView.m in Sources */,
				CFD816EF1A7A9E8C00E07F16 /* UIView+Extension.m in Sources */,
				CF3A01BD1A70CCA50067D07D /* UIImage+WebP.m in Sources */,
				CF8F1EBA1A7E00E500A4446B /* MGTemplateStandardFilters.m in Sources */,
				CFF420401A7BD5FA00F09E3A /* UIView+MJExtension.m in Sources */,
				CF3A01F41A70EFA80067D07D /* AFURLConnectionOperation.m in Sources */,
				CF8F1EB91A7E00E500A4446B /* MGTemplateEngine.m in Sources */,
				CF8F1EB61A7E00E500A4446B /* NSArray_DeepMutableCopy.m in Sources */,
				CF8F1EDD1A7E691300A4446B /* DetailImageModel.m in Sources */,
				CF3A01F01A70EFA80067D07D /* AFHTTPRequestOperationManager.m in Sources */,
				CF3A01BA1A70CCA50067D07D /* UIButton+WebCache.m in Sources */,
				CF3A01B71A70CCA50067D07D /* SDWebImageDownloaderOperation.m in Sources */,
				CF8F1EB71A7E00E500A4446B /* NSDictionary_DeepMutableCopy.m in Sources */,
				CF80A91D1A75CB3200155A5C /* MJConst.m in Sources */,
				CF3A01B31A70CCA50067D07D /* SDImageCache.m in Sources */,
				CF3A01B21A70CCA50067D07D /* NSData+ImageContentType.m in Sources */,
				CF3A01B51A70CCA50067D07D /* SDWebImageDecoder.m in Sources */,
				CF3A01F71A70EFA80067D07D /* AFURLSessionManager.m in Sources */,
				CF3A01BE1A70CCA50067D07D /* UIImageView+HighlightedWebCache.m in Sources */,
				CFB160C41A7741BC00B9C6EA /* StatusBarHUD.m in Sources */,
				CF3A01F31A70EFA80067D07D /* AFSecurityPolicy.m in Sources */,
				CFF4203F1A7BD5FA00F09E3A /* UIScrollView+MJRefresh.m in Sources */,
				CF8F1EB81A7E00E500A4446B /* ICUTemplateMatcher.m in Sources */,
				CF3A01B61A70CCA50067D07D /* SDWebImageDownloader.m in Sources */,
				CF3A01B41A70CCA50067D07D /* SDWebImageCompat.m in Sources */,
				CF3A01F21A70EFA80067D07D /* AFNetworkReachabilityManager.m in Sources */,
				CF8F1EBB1A7E00E500A4446B /* MGTemplateStandardMarkers.m in Sources */,
				CFF4203B1A7BD5FA00F09E3A /* MJRefreshConst.m in Sources */,
				CFF67B3D1A72B7BB0000D151 /* ChannelModel.m in Sources */,
				CF3A01BB1A70CCA50067D07D /* UIImage+GIF.m in Sources */,
				CF3A01F11A70EFA80067D07D /* AFHTTPSessionManager.m in Sources */,
				CF8F1EDE1A7E691300A4446B /* DetailModel.m in Sources */,
				CF3A01F51A70EFA80067D07D /* AFURLRequestSerialization.m in Sources */,
				CF8F1EE11A7E691300A4446B /* DetailViewController.m in Sources */,
				CF3A02081A7138000067D07D /* NSString+StringExt.m in Sources */,
				CF3A01BC1A70CCA50067D07D /* UIImage+MultiFormat.m in Sources */,
				CF2B01FC1A778B9400FA1F15 /* TitleLabel.m in Sources */,
				CF3A01C81A70D11C0067D07D /* SingleNewsCell.m in Sources */,
				CF80A9231A75CB3200155A5C /* NSObject+MJKeyValue.m in Sources */,
				CFBA06221A7E9D40005CAAE5 /* UIImage+Scale.m in Sources */,
				CFBA05EC1A7E6A48005CAAE5 /* PhotosetViewController.m in Sources */,
				CF8F1ED01A7E551900A4446B /* PhotosetPhotosModel.m in Sources */,
				CF80A9221A75CB3200155A5C /* NSObject+MJIvar.m in Sources */,
				CFF4203E1A7BD5FA00F09E3A /* UIScrollView+MJExtension.m in Sources */,
				CF3A01B91A70CCA50067D07D /* SDWebImagePrefetcher.m in Sources */,
				CF3A01B11A70CCA50067D07D /* MKAnnotationView+WebCache.m in Sources */,
				CFF4203D1A7BD5FA00F09E3A /* MJRefreshHeaderView.m in Sources */,
				CF3A01BF1A70CCA50067D07D /* UIImageView+WebCache.m in Sources */,
				CF3A01C01A70CCA50067D07D /* UIView+WebCacheOperation.m in Sources */,
				CFB6282D1A7F244300AE7A75 /* DetailVideoModel.m in Sources */,
				CFE0EE891A765408009E4A59 /* NSObject+Extension.m in Sources */,
				CF3A01B81A70CCA50067D07D /* SDWebImageManager.m in Sources */,
				CF3A018B1A70CC440067D07D /* main.m in Sources */,
				CF80A9211A75CB3200155A5C /* NSObject+MJCoding.m in Sources */,
				CF80A91F1A75CB3200155A5C /* MJIvar.m in Sources */,
				CFFA8BE11A73A20C005A5E28 /* SingleNewsHeaderCell.m in Sources */,
				CF8F1ECD1A7E541300A4446B /* PhotosetModel.m in Sources */,
			);
			runOnlyForDeploymentPostprocessing = 0;
		};
		CFC829D71A6F92BA003DC056 /* Sources */ = {
			isa = PBXSourcesBuildPhase;
			buildActionMask = 2147483647;
			files = (
				CFC829E21A6F92BA003DC056 /* NetEaseNewsTests.m in Sources */,
			);
			runOnlyForDeploymentPostprocessing = 0;
		};
/* End PBXSourcesBuildPhase section */

/* Begin PBXTargetDependency section */
		CFC829DD1A6F92BA003DC056 /* PBXTargetDependency */ = {
			isa = PBXTargetDependency;
			target = CFC829C11A6F92BA003DC056 /* NetEaseNews */;
			targetProxy = CFC829DC1A6F92BA003DC056 /* PBXContainerItemProxy */;
		};
/* End PBXTargetDependency section */

/* Begin XCBuildConfiguration section */
		CFC829E31A6F92BA003DC056 /* Debug */ = {
			isa = XCBuildConfiguration;
			buildSettings = {
				ALWAYS_SEARCH_USER_PATHS = NO;
				CLANG_CXX_LANGUAGE_STANDARD = "gnu++0x";
				CLANG_CXX_LIBRARY = "libc++";
				CLANG_ENABLE_MODULES = YES;
				CLANG_ENABLE_OBJC_ARC = YES;
				CLANG_WARN_BOOL_CONVERSION = YES;
				CLANG_WARN_CONSTANT_CONVERSION = YES;
				CLANG_WARN_DIRECT_OBJC_ISA_USAGE = YES_ERROR;
				CLANG_WARN_EMPTY_BODY = YES;
				CLANG_WARN_ENUM_CONVERSION = YES;
				CLANG_WARN_INT_CONVERSION = YES;
				CLANG_WARN_OBJC_ROOT_CLASS = YES_ERROR;
				CLANG_WARN_UNREACHABLE_CODE = YES;
				CLANG_WARN__DUPLICATE_METHOD_MATCH = YES;
				"CODE_SIGN_IDENTITY[sdk=iphoneos*]" = "iPhone Developer";
				COPY_PHASE_STRIP = NO;
				ENABLE_STRICT_OBJC_MSGSEND = YES;
				GCC_C_LANGUAGE_STANDARD = gnu99;
				GCC_DYNAMIC_NO_PIC = NO;
				GCC_OPTIMIZATION_LEVEL = 0;
				GCC_PREPROCESSOR_DEFINITIONS = (
					"DEBUG=1",
					"$(inherited)",
				);
				GCC_SYMBOLS_PRIVATE_EXTERN = NO;
				GCC_WARN_64_TO_32_BIT_CONVERSION = YES;
				GCC_WARN_ABOUT_RETURN_TYPE = YES_ERROR;
				GCC_WARN_UNDECLARED_SELECTOR = YES;
				GCC_WARN_UNINITIALIZED_AUTOS = YES_AGGRESSIVE;
				GCC_WARN_UNUSED_FUNCTION = YES;
				GCC_WARN_UNUSED_VARIABLE = YES;
				IPHONEOS_DEPLOYMENT_TARGET = 8.1;
				MTL_ENABLE_DEBUG_INFO = YES;
				ONLY_ACTIVE_ARCH = YES;
				SDKROOT = iphoneos;
			};
			name = Debug;
		};
		CFC829E41A6F92BA003DC056 /* Release */ = {
			isa = XCBuildConfiguration;
			buildSettings = {
				ALWAYS_SEARCH_USER_PATHS = NO;
				CLANG_CXX_LANGUAGE_STANDARD = "gnu++0x";
				CLANG_CXX_LIBRARY = "libc++";
				CLANG_ENABLE_MODULES = YES;
				CLANG_ENABLE_OBJC_ARC = YES;
				CLANG_WARN_BOOL_CONVERSION = YES;
				CLANG_WARN_CONSTANT_CONVERSION = YES;
				CLANG_WARN_DIRECT_OBJC_ISA_USAGE = YES_ERROR;
				CLANG_WARN_EMPTY_BODY = YES;
				CLANG_WARN_ENUM_CONVERSION = YES;
				CLANG_WARN_INT_CONVERSION = YES;
				CLANG_WARN_OBJC_ROOT_CLASS = YES_ERROR;
				CLANG_WARN_UNREACHABLE_CODE = YES;
				CLANG_WARN__DUPLICATE_METHOD_MATCH = YES;
				"CODE_SIGN_IDENTITY[sdk=iphoneos*]" = "iPhone Developer";
				COPY_PHASE_STRIP = YES;
				ENABLE_NS_ASSERTIONS = NO;
				ENABLE_STRICT_OBJC_MSGSEND = YES;
				GCC_C_LANGUAGE_STANDARD = gnu99;
				GCC_WARN_64_TO_32_BIT_CONVERSION = YES;
				GCC_WARN_ABOUT_RETURN_TYPE = YES_ERROR;
				GCC_WARN_UNDECLARED_SELECTOR = YES;
				GCC_WARN_UNINITIALIZED_AUTOS = YES_AGGRESSIVE;
				GCC_WARN_UNUSED_FUNCTION = YES;
				GCC_WARN_UNUSED_VARIABLE = YES;
				IPHONEOS_DEPLOYMENT_TARGET = 8.1;
				MTL_ENABLE_DEBUG_INFO = NO;
				SDKROOT = iphoneos;
				VALIDATE_PRODUCT = YES;
			};
			name = Release;
		};
		CFC829E61A6F92BA003DC056 /* Debug */ = {
			isa = XCBuildConfiguration;
			buildSettings = {
				ASSETCATALOG_COMPILER_APPICON_NAME = AppIcon;
				ASSETCATALOG_COMPILER_LAUNCHIMAGE_NAME = LaunchImage;
				INFOPLIST_FILE = NetEaseNews/Info.plist;
				LD_RUNPATH_SEARCH_PATHS = "$(inherited) @executable_path/Frameworks";
				PRODUCT_NAME = "$(TARGET_NAME)";
			};
			name = Debug;
		};
		CFC829E71A6F92BA003DC056 /* Release */ = {
			isa = XCBuildConfiguration;
			buildSettings = {
				ASSETCATALOG_COMPILER_APPICON_NAME = AppIcon;
				ASSETCATALOG_COMPILER_LAUNCHIMAGE_NAME = LaunchImage;
				INFOPLIST_FILE = NetEaseNews/Info.plist;
				LD_RUNPATH_SEARCH_PATHS = "$(inherited) @executable_path/Frameworks";
				PRODUCT_NAME = "$(TARGET_NAME)";
			};
			name = Release;
		};
		CFC829E91A6F92BA003DC056 /* Debug */ = {
			isa = XCBuildConfiguration;
			buildSettings = {
				BUNDLE_LOADER = "$(TEST_HOST)";
				FRAMEWORK_SEARCH_PATHS = (
					"$(SDKROOT)/Developer/Library/Frameworks",
					"$(inherited)",
				);
				GCC_PREPROCESSOR_DEFINITIONS = (
					"DEBUG=1",
					"$(inherited)",
				);
				INFOPLIST_FILE = NetEaseNewsTests/Info.plist;
				LD_RUNPATH_SEARCH_PATHS = "$(inherited) @executable_path/Frameworks @loader_path/Frameworks";
				PRODUCT_NAME = "$(TARGET_NAME)";
				TEST_HOST = "$(BUILT_PRODUCTS_DIR)/NetEaseNews.app/NetEaseNews";
			};
			name = Debug;
		};
		CFC829EA1A6F92BA003DC056 /* Release */ = {
			isa = XCBuildConfiguration;
			buildSettings = {
				BUNDLE_LOADER = "$(TEST_HOST)";
				FRAMEWORK_SEARCH_PATHS = (
					"$(SDKROOT)/Developer/Library/Frameworks",
					"$(inherited)",
				);
				INFOPLIST_FILE = NetEaseNewsTests/Info.plist;
				LD_RUNPATH_SEARCH_PATHS = "$(inherited) @executable_path/Frameworks @loader_path/Frameworks";
				PRODUCT_NAME = "$(TARGET_NAME)";
				TEST_HOST = "$(BUILT_PRODUCTS_DIR)/NetEaseNews.app/NetEaseNews";
			};
			name = Release;
		};
/* End XCBuildConfiguration section */

/* Begin XCConfigurationList section */
		CFC829BD1A6F92BA003DC056 /* Build configuration list for PBXProject "NetEaseNews" */ = {
			isa = XCConfigurationList;
			buildConfigurations = (
				CFC829E31A6F92BA003DC056 /* Debug */,
				CFC829E41A6F92BA003DC056 /* Release */,
			);
			defaultConfigurationIsVisible = 0;
			defaultConfigurationName = Release;
		};
		CFC829E51A6F92BA003DC056 /* Build configuration list for PBXNativeTarget "NetEaseNews" */ = {
			isa = XCConfigurationList;
			buildConfigurations = (
				CFC829E61A6F92BA003DC056 /* Debug */,
				CFC829E71A6F92BA003DC056 /* Release */,
			);
			defaultConfigurationIsVisible = 0;
			defaultConfigurationName = Release;
		};
		CFC829E81A6F92BA003DC056 /* Build configuration list for PBXNativeTarget "NetEaseNewsTests" */ = {
			isa = XCConfigurationList;
			buildConfigurations = (
				CFC829E91A6F92BA003DC056 /* Debug */,
				CFC829EA1A6F92BA003DC056 /* Release */,
			);
			defaultConfigurationIsVisible = 0;
			defaultConfigurationName = Release;
		};
/* End XCConfigurationList section */
	};
	rootObject = CFC829BA1A6F92BA003DC056 /* Project object */;
}
